{
  "originHash" : "129428d1e50f492846e09937a4b530c51d58544dfda9e0a8493b29d5c95ff210",
  "pins" : [
    {
      "identity" : "diligence",
      "kind" : "remoteSourceControl",
      "location" : "https://github.com/inseven/diligence.git",
      "state" : {
        "revision" : "5faa62e7f528faa6aa2d1b5d022b78fe3698c62a",
        "version" : "2.0.1"
      }
    },
    {
      "identity" : "glitter",
      "kind" : "remoteSourceControl",
      "location" : "https://github.com/inseven/glitter.git",
      "state" : {
        "revision" : "52724c1bfc5de914e0fc2870002e24c9aec46796",
        "version" : "0.1.3"
      }
    },
    {
      "identity" : "interact",
      "kind" : "remoteSourceControl",
      "location" : "https://github.com/inseven/interact.git",
      "state" : {
        "revision" : "f54eb2dcd05b40f02ecab721044d87049fbaca78",
        "version" : "3.10.7"
      }
    },
    {
      "identity" : "licensable",
      "kind" : "remoteSourceControl",
      "location" : "https://github.com/inseven/licensable",
      "state" : {
        "revision" : "40c62a5e677037915287950350c34b8c66c0178f",
        "version" : "0.1.1"
      }
    },
    {
      "identity" : "sparkle",
      "kind" : "remoteSourceControl",
      "location" : "https://github.com/sparkle-project/Sparkle",
      "state" : {
        "revision" : "eef1a539a373c1f1a320624b1130fc5de7b2e100",
        "version" : "2.10.0"
      }
    },
    {
      "identity" : "swiftdraw",
      "kind" : "remoteSourceControl",
      "location" : "https://github.com/swhitty/SwiftDraw.git",
      "state" : {
        "revision" : "82699f4bdf2f075793cfa0d392eb27c59b41a3fe",
        "version" : "0.29.0"
      }
    }
  ],
  "version" : 3
}
