// !$*UTF8*$!
{
	archiveVersion = 1;
	classes = {
	};
	objectVersion = 56;
	objects = {

/* Begin PBXBuildFile section */
		D808A2152979918300763881 /* Variant.swift in Sources */ = {isa = PBXBuildFile; fileRef = D808A2142979918300763881 /* Variant.swift */; };
		D808A2172979928900763881 /* LibraryInfoButton.swift in Sources */ = {isa = PBXBuildFile; fileRef = D808A2162979928900763881 /* LibraryInfoButton.swift */; };
		D821B9E028ACDB6000504AA4 /* View.swift in Sources */ = {isa = PBXBuildFile; fileRef = D821B9DF28ACDB6000504AA4 /* View.swift */; };
		D821B9E428ACDBA800504AA4 /* IconView.swift in Sources */ = {isa = PBXBuildFile; fileRef = D821B9E328ACDBA800504AA4 /* IconView.swift */; };
		D821B9E828ACDBE000504AA4 /* Icon.swift in Sources */ = {isa = PBXBuildFile; fileRef = D821B9E728ACDBE000504AA4 /* Icon.swift */; };
		D821B9EA28ACDBF700504AA4 /* String.swift in Sources */ = {isa = PBXBuildFile; fileRef = D821B9E928ACDBF700504AA4 /* String.swift */; };
		D821B9EC28ACDC2600504AA4 /* IconCorners.swift in Sources */ = {isa = PBXBuildFile; fileRef = D821B9EB28ACDC2600504AA4 /* IconCorners.swift */; };
		D821B9EE28ACDC6F00504AA4 /* SymbolPicker.swift in Sources */ = {isa = PBXBuildFile; fileRef = D821B9ED28ACDC6F00504AA4 /* SymbolPicker.swift */; };
		D826B5C4296B054000693D27 /* WatchGridView.swift in Sources */ = {isa = PBXBuildFile; fileRef = D826B5C3296B054000693D27 /* WatchGridView.swift */; };
		D826B5C6296B09FC00693D27 /* Path.swift in Sources */ = {isa = PBXBuildFile; fileRef = D826B5C5296B09FC00693D27 /* Path.swift */; };
		D826B5C9296B13CB00693D27 /* ExportCommands.swift in Sources */ = {isa = PBXBuildFile; fileRef = D826B5C8296B13CB00693D27 /* ExportCommands.swift */; };
		D826B5CB296B243800693D27 /* ViewCommands.swift in Sources */ = {isa = PBXBuildFile; fileRef = D826B5CA296B243800693D27 /* ViewCommands.swift */; };
		D826B5CD296B312300693D27 /* IconPreview.swift in Sources */ = {isa = PBXBuildFile; fileRef = D826B5CC296B312300693D27 /* IconPreview.swift */; };
		D826B5D0296B478400693D27 /* CenteredFlowLayout.swift in Sources */ = {isa = PBXBuildFile; fileRef = D826B5CF296B478400693D27 /* CenteredFlowLayout.swift */; };
		D831DD1C297319FC00C20B11 /* SwiftDraw in Frameworks */ = {isa = PBXBuildFile; productRef = D831DD1B297319FC00C20B11 /* SwiftDraw */; };
		D83970E228B0B45300282EE8 /* Color.swift in Sources */ = {isa = PBXBuildFile; fileRef = D83970E128B0B45300282EE8 /* Color.swift */; };
		D83970E528B11F5200282EE8 /* SymbolicError.swift in Sources */ = {isa = PBXBuildFile; fileRef = D83970E428B11F5200282EE8 /* SymbolicError.swift */; };
		D83970E728B132C700282EE8 /* UnityScaleWindow.swift in Sources */ = {isa = PBXBuildFile; fileRef = D83970E628B132C700282EE8 /* UnityScaleWindow.swift */; };
		D83970E928B1340900282EE8 /* DeviceType.swift in Sources */ = {isa = PBXBuildFile; fileRef = D83970E828B1340900282EE8 /* DeviceType.swift */; };
		D84868E8296ACC58009FDF32 /* Header.swift in Sources */ = {isa = PBXBuildFile; fileRef = D84868E7296ACC58009FDF32 /* Header.swift */; };
		D84868EA296ACC8B009FDF32 /* IconSetView.swift in Sources */ = {isa = PBXBuildFile; fileRef = D84868E9296ACC8B009FDF32 /* IconSetView.swift */; };
		D84868EC296AE437009FDF32 /* IconSet.swift in Sources */ = {isa = PBXBuildFile; fileRef = D84868EB296AE437009FDF32 /* IconSet.swift */; };
		D84868EE296AE486009FDF32 /* IconDefinition.swift in Sources */ = {isa = PBXBuildFile; fileRef = D84868ED296AE486009FDF32 /* IconDefinition.swift */; };
		D84868F0296AE616009FDF32 /* IconSection.swift in Sources */ = {isa = PBXBuildFile; fileRef = D84868EF296AE616009FDF32 /* IconSection.swift */; };
		D84B5D6F296C5229005E6C59 /* SceneModel.swift in Sources */ = {isa = PBXBuildFile; fileRef = D84B5D6E296C5229005E6C59 /* SceneModel.swift */; };
		D84B5D71296C52BE005E6C59 /* EditorView.swift in Sources */ = {isa = PBXBuildFile; fileRef = D84B5D70296C52BE005E6C59 /* EditorView.swift */; };
		D84B5D74296C5540005E6C59 /* Template.symbolic in Resources */ = {isa = PBXBuildFile; fileRef = D84B5D73296C5540005E6C59 /* Template.symbolic */; };
		D857297C296C176C0037E58F /* SymbolPickerCell.swift in Sources */ = {isa = PBXBuildFile; fileRef = D857297B296C176C0037E58F /* SymbolPickerCell.swift */; };
		D864A23A2965A2D1008A4261 /* Interact in Frameworks */ = {isa = PBXBuildFile; productRef = D864A2392965A2D1008A4261 /* Interact */; };
		D864A23C2965E239008A4261 /* MacIconView.swift in Sources */ = {isa = PBXBuildFile; fileRef = D864A23B2965E239008A4261 /* MacIconView.swift */; };
		D8685CFF298D17A200A7DA60 /* NSApplication.swift in Sources */ = {isa = PBXBuildFile; fileRef = D8685CFE298D17A200A7DA60 /* NSApplication.swift */; };
		D86B0ECF291BEF7400352367 /* IconDocument.swift in Sources */ = {isa = PBXBuildFile; fileRef = D86B0ECE291BEF7400352367 /* IconDocument.swift */; };
		D86B0ED1291BEFC100352367 /* UTType.swift in Sources */ = {isa = PBXBuildFile; fileRef = D86B0ED0291BEFC100352367 /* UTType.swift */; };
		D870818E297C1F02007CAE83 /* Settings.swift in Sources */ = {isa = PBXBuildFile; fileRef = D870818D297C1F02007CAE83 /* Settings.swift */; };
		D8708190297C6121007CAE83 /* SavePanel.swift in Sources */ = {isa = PBXBuildFile; fileRef = D870818F297C6121007CAE83 /* SavePanel.swift */; };
		D88661A3297AC893001E41DD /* InfoLabeledContentStyle.swift in Sources */ = {isa = PBXBuildFile; fileRef = D88661A2297AC893001E41DD /* InfoLabeledContentStyle.swift */; };
		D88661A5297AD82A001E41DD /* ConditionalLink.swift in Sources */ = {isa = PBXBuildFile; fileRef = D88661A4297AD82A001E41DD /* ConditionalLink.swift */; };
		D8B0B1F1296CD4AB00F907BE /* OffsetGuide.swift in Sources */ = {isa = PBXBuildFile; fileRef = D8B0B1F0296CD4AB00F907BE /* OffsetGuide.swift */; };
		D8B61308293BB81100F29E0C /* AboutCommands.swift in Sources */ = {isa = PBXBuildFile; fileRef = D8B61307293BB81100F29E0C /* AboutCommands.swift */; };
		D8B6130A293BB98100F29E0C /* ApplicationModel.swift in Sources */ = {isa = PBXBuildFile; fileRef = D8B61309293BB98100F29E0C /* ApplicationModel.swift */; };
		D8B7677B298A6E4F00E99C6A /* PositionOffsetSlider.swift in Sources */ = {isa = PBXBuildFile; fileRef = D8B7677A298A6E4F00E99C6A /* PositionOffsetSlider.swift */; };
		D8B7677D298A728D00E99C6A /* LeadingToTrailingLabeledContentStyle.swift in Sources */ = {isa = PBXBuildFile; fileRef = D8B7677C298A728D00E99C6A /* LeadingToTrailingLabeledContentStyle.swift */; };
		D8C99CF72993E59C00D85286 /* Sidebar.swift in Sources */ = {isa = PBXBuildFile; fileRef = D8C99CF62993E59C00D85286 /* Sidebar.swift */; };
		D8C99CF92993E5D800D85286 /* SidebarFormStyle.swift in Sources */ = {isa = PBXBuildFile; fileRef = D8C99CF82993E5D800D85286 /* SidebarFormStyle.swift */; };
		D8C99CFB2993E60300D85286 /* SidebarLabeledContentStyle.swift in Sources */ = {isa = PBXBuildFile; fileRef = D8C99CFA2993E60300D85286 /* SidebarLabeledContentStyle.swift */; };
		D8CB5A382970D9A5002007C4 /* material-icons in Resources */ = {isa = PBXBuildFile; fileRef = D8CB5A372970D9A5002007C4 /* material-icons */; };
		D8CB5A3A2970E8DB002007C4 /* SymbolView.swift in Sources */ = {isa = PBXBuildFile; fileRef = D8CB5A392970E8DB002007C4 /* SymbolView.swift */; };
		D8CB5A3C2970E92A002007C4 /* Library.swift in Sources */ = {isa = PBXBuildFile; fileRef = D8CB5A3B2970E92A002007C4 /* Library.swift */; };
		D8CB5A3E2970F4D0002007C4 /* SymbolReference.swift in Sources */ = {isa = PBXBuildFile; fileRef = D8CB5A3D2970F4D0002007C4 /* SymbolReference.swift */; };
		D8CB5A4229718D23002007C4 /* LibraryManager.swift in Sources */ = {isa = PBXBuildFile; fileRef = D8CB5A4129718D23002007C4 /* LibraryManager.swift */; };
		D8CB5A442971925A002007C4 /* Symbol.swift in Sources */ = {isa = PBXBuildFile; fileRef = D8CB5A432971925A002007C4 /* Symbol.swift */; };
		D8CB5A4629719395002007C4 /* Manifest.swift in Sources */ = {isa = PBXBuildFile; fileRef = D8CB5A4529719395002007C4 /* Manifest.swift */; };
		D8CB5A482971C4B5002007C4 /* SVGImage.swift in Sources */ = {isa = PBXBuildFile; fileRef = D8CB5A472971C4B5002007C4 /* SVGImage.swift */; };
		D8CB5A4D2971DBCC002007C4 /* swiftdraw-license in Resources */ = {isa = PBXBuildFile; fileRef = D8CB5A4C2971DBCC002007C4 /* swiftdraw-license */; };
		D8CCF728297E814D006A1185 /* FileTests.swift in Sources */ = {isa = PBXBuildFile; fileRef = D8CCF727297E814D006A1185 /* FileTests.swift */; };
		D8CCF72B297E822A006A1185 /* v0.symbolic in Resources */ = {isa = PBXBuildFile; fileRef = D8CCF72A297E822A006A1185 /* v0.symbolic */; };
		D8CCF72D297E8785006A1185 /* v1.symbolic in Resources */ = {isa = PBXBuildFile; fileRef = D8CCF72C297E8785006A1185 /* v1.symbolic */; };
		D8CCF72F297E8970006A1185 /* v1000.symbolic in Resources */ = {isa = PBXBuildFile; fileRef = D8CCF72E297E8970006A1185 /* v1000.symbolic */; };
		D8CCF731297E9DB4006A1185 /* ExportTests.swift in Sources */ = {isa = PBXBuildFile; fileRef = D8CCF730297E9DB4006A1185 /* ExportTests.swift */; };
		D8CCF734297EA3A8006A1185 /* XCTest.swift in Sources */ = {isa = PBXBuildFile; fileRef = D8CCF733297EA3A8006A1185 /* XCTest.swift */; };
		D8CCF736297EB22F006A1185 /* binding-mappedtobool-license in Resources */ = {isa = PBXBuildFile; fileRef = D8CCF735297EB22F006A1185 /* binding-mappedtobool-license */; };
		D8CCF738297EB299006A1185 /* Binding+mappedToBool.swift in Sources */ = {isa = PBXBuildFile; fileRef = D8CCF737297EB299006A1185 /* Binding+mappedToBool.swift */; };
		D8CD4A7E28AC35C300D57F34 /* SymbolicApp.swift in Sources */ = {isa = PBXBuildFile; fileRef = D8CD4A7D28AC35C300D57F34 /* SymbolicApp.swift */; };
		D8CD4A8028AC35C300D57F34 /* ContentView.swift in Sources */ = {isa = PBXBuildFile; fileRef = D8CD4A7F28AC35C300D57F34 /* ContentView.swift */; };
		D8CD4A8228AC35C600D57F34 /* Assets.xcassets in Resources */ = {isa = PBXBuildFile; fileRef = D8CD4A8128AC35C600D57F34 /* Assets.xcassets */; };
		D8CD4A8528AC35C600D57F34 /* Preview Assets.xcassets in Resources */ = {isa = PBXBuildFile; fileRef = D8CD4A8428AC35C600D57F34 /* Preview Assets.xcassets */; };
		D8CD4A9028AC35C600D57F34 /* LibraryTests.swift in Sources */ = {isa = PBXBuildFile; fileRef = D8CD4A8F28AC35C600D57F34 /* LibraryTests.swift */; };
		D8CD4A9A28AC35C600D57F34 /* SymbolicUITests.swift in Sources */ = {isa = PBXBuildFile; fileRef = D8CD4A9928AC35C600D57F34 /* SymbolicUITests.swift */; };
		D8CD4A9C28AC35C600D57F34 /* SymbolicUITestsLaunchTests.swift in Sources */ = {isa = PBXBuildFile; fileRef = D8CD4A9B28AC35C600D57F34 /* SymbolicUITestsLaunchTests.swift */; };
		D8D9731128ACF8D2006CBF15 /* ExportToolbar.swift in Sources */ = {isa = PBXBuildFile; fileRef = D8D9731028ACF8D2006CBF15 /* ExportToolbar.swift */; };
		D8E4C3C12979809D00A25DF9 /* LibraryInfoView.swift in Sources */ = {isa = PBXBuildFile; fileRef = D8E4C3C02979809D00A25DF9 /* LibraryInfoView.swift */; };
		D8F6317428AC7D7A00DFEED0 /* SFSymbols.swift in Sources */ = {isa = PBXBuildFile; fileRef = D8F6317328AC7D7A00DFEED0 /* SFSymbols.swift */; };
		D8F6317628AC85C600DFEED0 /* SymbolPickerModel.swift in Sources */ = {isa = PBXBuildFile; fileRef = D8F6317528AC85C600DFEED0 /* SymbolPickerModel.swift */; };
		D8F99EC328B13955007C3868 /* diligence-license in Resources */ = {isa = PBXBuildFile; fileRef = D8F99EC228B13955007C3868 /* diligence-license */; };
		D8F99EC628B13998007C3868 /* Diligence in Frameworks */ = {isa = PBXBuildFile; productRef = D8F99EC528B13998007C3868 /* Diligence */; };
/* End PBXBuildFile section */

/* Begin PBXContainerItemProxy section */
		D8CD4A8C28AC35C600D57F34 /* PBXContainerItemProxy */ = {
			isa = PBXContainerItemProxy;
			containerPortal = D8CD4A7228AC35C300D57F34 /* Project object */;
			proxyType = 1;
			remoteGlobalIDString = D8CD4A7928AC35C300D57F34;
			remoteInfo = Iconify;
		};
		D8CD4A9628AC35C600D57F34 /* PBXContainerItemProxy */ = {
			isa = PBXContainerItemProxy;
			containerPortal = D8CD4A7228AC35C300D57F34 /* Project object */;
			proxyType = 1;
			remoteGlobalIDString = D8CD4A7928AC35C300D57F34;
			remoteInfo = Iconify;
		};
/* End PBXContainerItemProxy section */

/* Begin PBXFileReference section */
		D808A2142979918300763881 /* Variant.swift */ = {isa = PBXFileReference; lastKnownFileType = sourcecode.swift; path = Variant.swift; sourceTree = "<group>"; };
		D808A2162979928900763881 /* LibraryInfoButton.swift */ = {isa = PBXFileReference; lastKnownFileType = sourcecode.swift; path = LibraryInfoButton.swift; sourceTree = "<group>"; };
		D821B9DF28ACDB6000504AA4 /* View.swift */ = {isa = PBXFileReference; lastKnownFileType = sourcecode.swift; path = View.swift; sourceTree = "<group>"; };
		D821B9E328ACDBA800504AA4 /* IconView.swift */ = {isa = PBXFileReference; lastKnownFileType = sourcecode.swift; path = IconView.swift; sourceTree = "<group>"; };
		D821B9E728ACDBE000504AA4 /* Icon.swift */ = {isa = PBXFileReference; lastKnownFileType = sourcecode.swift; path = Icon.swift; sourceTree = "<group>"; };
		D821B9E928ACDBF700504AA4 /* String.swift */ = {isa = PBXFileReference; lastKnownFileType = sourcecode.swift; path = String.swift; sourceTree = "<group>"; };
		D821B9EB28ACDC2600504AA4 /* IconCorners.swift */ = {isa = PBXFileReference; lastKnownFileType = sourcecode.swift; path = IconCorners.swift; sourceTree = "<group>"; };
		D821B9ED28ACDC6F00504AA4 /* SymbolPicker.swift */ = {isa = PBXFileReference; lastKnownFileType = sourcecode.swift; path = SymbolPicker.swift; sourceTree = "<group>"; };
		D826B5C3296B054000693D27 /* WatchGridView.swift */ = {isa = PBXFileReference; lastKnownFileType = sourcecode.swift; path = WatchGridView.swift; sourceTree = "<group>"; };
		D826B5C5296B09FC00693D27 /* Path.swift */ = {isa = PBXFileReference; lastKnownFileType = sourcecode.swift; path = Path.swift; sourceTree = "<group>"; };
		D826B5C8296B13CB00693D27 /* ExportCommands.swift */ = {isa = PBXFileReference; lastKnownFileType = sourcecode.swift; path = ExportCommands.swift; sourceTree = "<group>"; };
		D826B5CA296B243800693D27 /* ViewCommands.swift */ = {isa = PBXFileReference; lastKnownFileType = sourcecode.swift; path = ViewCommands.swift; sourceTree = "<group>"; };
		D826B5CC296B312300693D27 /* IconPreview.swift */ = {isa = PBXFileReference; lastKnownFileType = sourcecode.swift; path = IconPreview.swift; sourceTree = "<group>"; };
		D826B5CF296B478400693D27 /* CenteredFlowLayout.swift */ = {isa = PBXFileReference; lastKnownFileType = sourcecode.swift; path = CenteredFlowLayout.swift; sourceTree = "<group>"; };
		D83970E128B0B45300282EE8 /* Color.swift */ = {isa = PBXFileReference; lastKnownFileType = sourcecode.swift; path = Color.swift; sourceTree = "<group>"; };
		D83970E328B0B61700282EE8 /* Info.plist */ = {isa = PBXFileReference; lastKnownFileType = text.plist; path = Info.plist; sourceTree = "<group>"; };
		D83970E428B11F5200282EE8 /* SymbolicError.swift */ = {isa = PBXFileReference; lastKnownFileType = sourcecode.swift; path = SymbolicError.swift; sourceTree = "<group>"; };
		D83970E628B132C700282EE8 /* UnityScaleWindow.swift */ = {isa = PBXFileReference; lastKnownFileType = sourcecode.swift; path = UnityScaleWindow.swift; sourceTree = "<group>"; };
		D83970E828B1340900282EE8 /* DeviceType.swift */ = {isa = PBXFileReference; lastKnownFileType = sourcecode.swift; path = DeviceType.swift; sourceTree = "<group>"; };
		D84868E7296ACC58009FDF32 /* Header.swift */ = {isa = PBXFileReference; lastKnownFileType = sourcecode.swift; path = Header.swift; sourceTree = "<group>"; };
		D84868E9296ACC8B009FDF32 /* IconSetView.swift */ = {isa = PBXFileReference; lastKnownFileType = sourcecode.swift; path = IconSetView.swift; sourceTree = "<group>"; };
		D84868EB296AE437009FDF32 /* IconSet.swift */ = {isa = PBXFileReference; lastKnownFileType = sourcecode.swift; path = IconSet.swift; sourceTree = "<group>"; };
		D84868ED296AE486009FDF32 /* IconDefinition.swift */ = {isa = PBXFileReference; lastKnownFileType = sourcecode.swift; path = IconDefinition.swift; sourceTree = "<group>"; };
		D84868EF296AE616009FDF32 /* IconSection.swift */ = {isa = PBXFileReference; lastKnownFileType = sourcecode.swift; path = IconSection.swift; sourceTree = "<group>"; };
		D84B5D6E296C5229005E6C59 /* SceneModel.swift */ = {isa = PBXFileReference; lastKnownFileType = sourcecode.swift; path = SceneModel.swift; sourceTree = "<group>"; };
		D84B5D70296C52BE005E6C59 /* EditorView.swift */ = {isa = PBXFileReference; lastKnownFileType = sourcecode.swift; path = EditorView.swift; sourceTree = "<group>"; };
		D84B5D73296C5540005E6C59 /* Template.symbolic */ = {isa = PBXFileReference; fileEncoding = 4; lastKnownFileType = text; path = Template.symbolic; sourceTree = "<group>"; };
		D857297B296C176C0037E58F /* SymbolPickerCell.swift */ = {isa = PBXFileReference; lastKnownFileType = sourcecode.swift; path = SymbolPickerCell.swift; sourceTree = "<group>"; };
		D864A2382965999C008A4261 /* interact */ = {isa = PBXFileReference; lastKnownFileType = wrapper; path = interact; sourceTree = "<group>"; };
		D864A23B2965E239008A4261 /* MacIconView.swift */ = {isa = PBXFileReference; lastKnownFileType = sourcecode.swift; path = MacIconView.swift; sourceTree = "<group>"; };
		D8685CFE298D17A200A7DA60 /* NSApplication.swift */ = {isa = PBXFileReference; lastKnownFileType = sourcecode.swift; path = NSApplication.swift; sourceTree = "<group>"; };
		D86B0ECE291BEF7400352367 /* IconDocument.swift */ = {isa = PBXFileReference; lastKnownFileType = sourcecode.swift; path = IconDocument.swift; sourceTree = "<group>"; };
		D86B0ED0291BEFC100352367 /* UTType.swift */ = {isa = PBXFileReference; lastKnownFileType = sourcecode.swift; path = UTType.swift; sourceTree = "<group>"; };
		D870818D297C1F02007CAE83 /* Settings.swift */ = {isa = PBXFileReference; fileEncoding = 4; lastKnownFileType = sourcecode.swift; path = Settings.swift; sourceTree = "<group>"; };
		D870818F297C6121007CAE83 /* SavePanel.swift */ = {isa = PBXFileReference; lastKnownFileType = sourcecode.swift; path = SavePanel.swift; sourceTree = "<group>"; };
		D88661A2297AC893001E41DD /* InfoLabeledContentStyle.swift */ = {isa = PBXFileReference; lastKnownFileType = sourcecode.swift; path = InfoLabeledContentStyle.swift; sourceTree = "<group>"; };
		D88661A4297AD82A001E41DD /* ConditionalLink.swift */ = {isa = PBXFileReference; lastKnownFileType = sourcecode.swift; path = ConditionalLink.swift; sourceTree = "<group>"; };
		D89A7404297C9BDE00F632ED /* SavePanel.swift */ = {isa = PBXFileReference; fileEncoding = 4; lastKnownFileType = sourcecode.swift; path = SavePanel.swift; sourceTree = "<group>"; };
		D8B0B1F0296CD4AB00F907BE /* OffsetGuide.swift */ = {isa = PBXFileReference; lastKnownFileType = sourcecode.swift; path = OffsetGuide.swift; sourceTree = "<group>"; };
		D8B61307293BB81100F29E0C /* AboutCommands.swift */ = {isa = PBXFileReference; lastKnownFileType = sourcecode.swift; path = AboutCommands.swift; sourceTree = "<group>"; };
		D8B61309293BB98100F29E0C /* ApplicationModel.swift */ = {isa = PBXFileReference; lastKnownFileType = sourcecode.swift; path = ApplicationModel.swift; sourceTree = "<group>"; };
		D8B7677A298A6E4F00E99C6A /* PositionOffsetSlider.swift */ = {isa = PBXFileReference; lastKnownFileType = sourcecode.swift; path = PositionOffsetSlider.swift; sourceTree = "<group>"; };
		D8B7677C298A728D00E99C6A /* LeadingToTrailingLabeledContentStyle.swift */ = {isa = PBXFileReference; lastKnownFileType = sourcecode.swift; path = LeadingToTrailingLabeledContentStyle.swift; sourceTree = "<group>"; };
		D8C99CF62993E59C00D85286 /* Sidebar.swift */ = {isa = PBXFileReference; lastKnownFileType = sourcecode.swift; path = Sidebar.swift; sourceTree = "<group>"; };
		D8C99CF82993E5D800D85286 /* SidebarFormStyle.swift */ = {isa = PBXFileReference; lastKnownFileType = sourcecode.swift; path = SidebarFormStyle.swift; sourceTree = "<group>"; };
		D8C99CFA2993E60300D85286 /* SidebarLabeledContentStyle.swift */ = {isa = PBXFileReference; lastKnownFileType = sourcecode.swift; path = SidebarLabeledContentStyle.swift; sourceTree = "<group>"; };
		D8CB5A372970D9A5002007C4 /* material-icons */ = {isa = PBXFileReference; lastKnownFileType = folder; path = "material-icons"; sourceTree = "<group>"; };
		D8CB5A392970E8DB002007C4 /* SymbolView.swift */ = {isa = PBXFileReference; lastKnownFileType = sourcecode.swift; path = SymbolView.swift; sourceTree = "<group>"; };
		D8CB5A3B2970E92A002007C4 /* Library.swift */ = {isa = PBXFileReference; lastKnownFileType = sourcecode.swift; path = Library.swift; sourceTree = "<group>"; };
		D8CB5A3D2970F4D0002007C4 /* SymbolReference.swift */ = {isa = PBXFileReference; lastKnownFileType = sourcecode.swift; path = SymbolReference.swift; sourceTree = "<group>"; };
		D8CB5A4129718D23002007C4 /* LibraryManager.swift */ = {isa = PBXFileReference; lastKnownFileType = sourcecode.swift; path = LibraryManager.swift; sourceTree = "<group>"; };
		D8CB5A432971925A002007C4 /* Symbol.swift */ = {isa = PBXFileReference; lastKnownFileType = sourcecode.swift; path = Symbol.swift; sourceTree = "<group>"; };
		D8CB5A4529719395002007C4 /* Manifest.swift */ = {isa = PBXFileReference; lastKnownFileType = sourcecode.swift; path = Manifest.swift; sourceTree = "<group>"; };
		D8CB5A472971C4B5002007C4 /* SVGImage.swift */ = {isa = PBXFileReference; lastKnownFileType = sourcecode.swift; path = SVGImage.swift; sourceTree = "<group>"; };
		D8CB5A4C2971DBCC002007C4 /* swiftdraw-license */ = {isa = PBXFileReference; lastKnownFileType = text; path = "swiftdraw-license"; sourceTree = "<group>"; };
		D8CCF727297E814D006A1185 /* FileTests.swift */ = {isa = PBXFileReference; fileEncoding = 4; lastKnownFileType = sourcecode.swift; path = FileTests.swift; sourceTree = "<group>"; };
		D8CCF72A297E822A006A1185 /* v0.symbolic */ = {isa = PBXFileReference; lastKnownFileType = text; name = v0.symbolic; path = SymbolicTests/Resources/v0.symbolic; sourceTree = SOURCE_ROOT; };
		D8CCF72C297E8785006A1185 /* v1.symbolic */ = {isa = PBXFileReference; fileEncoding = 4; lastKnownFileType = text; path = v1.symbolic; sourceTree = "<group>"; };
		D8CCF72E297E8970006A1185 /* v1000.symbolic */ = {isa = PBXFileReference; fileEncoding = 4; lastKnownFileType = text; path = v1000.symbolic; sourceTree = "<group>"; };
		D8CCF730297E9DB4006A1185 /* ExportTests.swift */ = {isa = PBXFileReference; lastKnownFileType = sourcecode.swift; path = ExportTests.swift; sourceTree = "<group>"; };
		D8CCF733297EA3A8006A1185 /* XCTest.swift */ = {isa = PBXFileReference; lastKnownFileType = sourcecode.swift; path = XCTest.swift; sourceTree = "<group>"; };
		D8CCF735297EB22F006A1185 /* binding-mappedtobool-license */ = {isa = PBXFileReference; fileEncoding = 4; lastKnownFileType = text; path = "binding-mappedtobool-license"; sourceTree = "<group>"; };
		D8CCF737297EB299006A1185 /* Binding+mappedToBool.swift */ = {isa = PBXFileReference; fileEncoding = 4; lastKnownFileType = sourcecode.swift; path = "Binding+mappedToBool.swift"; sourceTree = "<group>"; };
		D8CD4A7A28AC35C300D57F34 /* Symbolic.app */ = {isa = PBXFileReference; explicitFileType = wrapper.application; includeInIndex = 0; path = Symbolic.app; sourceTree = BUILT_PRODUCTS_DIR; };
		D8CD4A7D28AC35C300D57F34 /* SymbolicApp.swift */ = {isa = PBXFileReference; lastKnownFileType = sourcecode.swift; path = SymbolicApp.swift; sourceTree = "<group>"; };
		D8CD4A7F28AC35C300D57F34 /* ContentView.swift */ = {isa = PBXFileReference; lastKnownFileType = sourcecode.swift; path = ContentView.swift; sourceTree = "<group>"; };
		D8CD4A8128AC35C600D57F34 /* Assets.xcassets */ = {isa = PBXFileReference; lastKnownFileType = folder.assetcatalog; path = Assets.xcassets; sourceTree = "<group>"; };
		D8CD4A8428AC35C600D57F34 /* Preview Assets.xcassets */ = {isa = PBXFileReference; lastKnownFileType = folder.assetcatalog; path = "Preview Assets.xcassets"; sourceTree = "<group>"; };
		D8CD4A8628AC35C600D57F34 /* Symbolic.entitlements */ = {isa = PBXFileReference; lastKnownFileType = text.plist.entitlements; path = Symbolic.entitlements; sourceTree = "<group>"; };
		D8CD4A8B28AC35C600D57F34 /* SymbolicTests.xctest */ = {isa = PBXFileReference; explicitFileType = wrapper.cfbundle; includeInIndex = 0; path = SymbolicTests.xctest; sourceTree = BUILT_PRODUCTS_DIR; };
		D8CD4A8F28AC35C600D57F34 /* LibraryTests.swift */ = {isa = PBXFileReference; lastKnownFileType = sourcecode.swift; path = LibraryTests.swift; sourceTree = "<group>"; };
		D8CD4A9528AC35C600D57F34 /* SymbolicUITests.xctest */ = {isa = PBXFileReference; explicitFileType = wrapper.cfbundle; includeInIndex = 0; path = SymbolicUITests.xctest; sourceTree = BUILT_PRODUCTS_DIR; };
		D8CD4A9928AC35C600D57F34 /* SymbolicUITests.swift */ = {isa = PBXFileReference; lastKnownFileType = sourcecode.swift; path = SymbolicUITests.swift; sourceTree = "<group>"; };
		D8CD4A9B28AC35C600D57F34 /* SymbolicUITestsLaunchTests.swift */ = {isa = PBXFileReference; lastKnownFileType = sourcecode.swift; path = SymbolicUITestsLaunchTests.swift; sourceTree = "<group>"; };
		D8D9731028ACF8D2006CBF15 /* ExportToolbar.swift */ = {isa = PBXFileReference; lastKnownFileType = sourcecode.swift; path = ExportToolbar.swift; sourceTree = "<group>"; };
		D8E4C3C02979809D00A25DF9 /* LibraryInfoView.swift */ = {isa = PBXFileReference; lastKnownFileType = sourcecode.swift; path = LibraryInfoView.swift; sourceTree = "<group>"; };
		D8F6317328AC7D7A00DFEED0 /* SFSymbols.swift */ = {isa = PBXFileReference; lastKnownFileType = sourcecode.swift; path = SFSymbols.swift; sourceTree = "<group>"; };
		D8F6317528AC85C600DFEED0 /* SymbolPickerModel.swift */ = {isa = PBXFileReference; lastKnownFileType = sourcecode.swift; path = SymbolPickerModel.swift; sourceTree = "<group>"; };
		D8F99EC028B138FE007C3868 /* diligence */ = {isa = PBXFileReference; lastKnownFileType = wrapper; path = diligence; sourceTree = "<group>"; };
		D8F99EC228B13955007C3868 /* diligence-license */ = {isa = PBXFileReference; lastKnownFileType = text; path = "diligence-license"; sourceTree = "<group>"; };
/* End PBXFileReference section */

/* Begin PBXFrameworksBuildPhase section */
		D8CD4A7728AC35C300D57F34 /* Frameworks */ = {
			isa = PBXFrameworksBuildPhase;
			buildActionMask = 2147483647;
			files = (
				D831DD1C297319FC00C20B11 /* SwiftDraw in Frameworks */,
				D864A23A2965A2D1008A4261 /* Interact in Frameworks */,
				D8F99EC628B13998007C3868 /* Diligence in Frameworks */,
			);
			runOnlyForDeploymentPostprocessing = 0;
		};
		D8CD4A8828AC35C600D57F34 /* Frameworks */ = {
			isa = PBXFrameworksBuildPhase;
			buildActionMask = 2147483647;
			files = (
			);
			runOnlyForDeploymentPostprocessing = 0;
		};
		D8CD4A9228AC35C600D57F34 /* Frameworks */ = {
			isa = PBXFrameworksBuildPhase;
			buildActionMask = 2147483647;
			files = (
			);
			runOnlyForDeploymentPostprocessing = 0;
		};
/* End PBXFrameworksBuildPhase section */

/* Begin PBXGroup section */
		D821B9DE28ACDB5500504AA4 /* Extensions */ = {
			isa = PBXGroup;
			children = (
				D8CCF737297EB299006A1185 /* Binding+mappedToBool.swift */,
				D83970E128B0B45300282EE8 /* Color.swift */,
				D8685CFE298D17A200A7DA60 /* NSApplication.swift */,
				D826B5C5296B09FC00693D27 /* Path.swift */,
				D8C99CF62993E59C00D85286 /* Sidebar.swift */,
				D821B9E928ACDBF700504AA4 /* String.swift */,
				D86B0ED0291BEFC100352367 /* UTType.swift */,
				D821B9DF28ACDB6000504AA4 /* View.swift */,
			);
			path = Extensions;
			sourceTree = "<group>";
		};
		D821B9E528ACDBC300504AA4 /* Models */ = {
			isa = PBXGroup;
			children = (
				D8B61309293BB98100F29E0C /* ApplicationModel.swift */,
				D83970E828B1340900282EE8 /* DeviceType.swift */,
				D821B9E728ACDBE000504AA4 /* Icon.swift */,
				D84868ED296AE486009FDF32 /* IconDefinition.swift */,
				D86B0ECE291BEF7400352367 /* IconDocument.swift */,
				D84868EF296AE616009FDF32 /* IconSection.swift */,
				D84868EB296AE437009FDF32 /* IconSet.swift */,
				D8CB5A3B2970E92A002007C4 /* Library.swift */,
				D8CB5A4129718D23002007C4 /* LibraryManager.swift */,
				D8CB5A4529719395002007C4 /* Manifest.swift */,
				D84B5D6E296C5229005E6C59 /* SceneModel.swift */,
				D870818D297C1F02007CAE83 /* Settings.swift */,
				D8CB5A432971925A002007C4 /* Symbol.swift */,
				D83970E428B11F5200282EE8 /* SymbolicError.swift */,
				D8F6317528AC85C600DFEED0 /* SymbolPickerModel.swift */,
				D8CB5A3D2970F4D0002007C4 /* SymbolReference.swift */,
				D808A2142979918300763881 /* Variant.swift */,
			);
			path = Models;
			sourceTree = "<group>";
		};
		D821B9E628ACDBCB00504AA4 /* Views */ = {
			isa = PBXGroup;
			children = (
				D8CD4A7F28AC35C300D57F34 /* ContentView.swift */,
				D84B5D70296C52BE005E6C59 /* EditorView.swift */,
				D84868E7296ACC58009FDF32 /* Header.swift */,
				D821B9EB28ACDC2600504AA4 /* IconCorners.swift */,
				D826B5CC296B312300693D27 /* IconPreview.swift */,
				D84868E9296ACC8B009FDF32 /* IconSetView.swift */,
				D821B9E328ACDBA800504AA4 /* IconView.swift */,
				D808A2162979928900763881 /* LibraryInfoButton.swift */,
				D8E4C3C02979809D00A25DF9 /* LibraryInfoView.swift */,
				D864A23B2965E239008A4261 /* MacIconView.swift */,
				D8B0B1F0296CD4AB00F907BE /* OffsetGuide.swift */,
				D8CB5A472971C4B5002007C4 /* SVGImage.swift */,
				D821B9ED28ACDC6F00504AA4 /* SymbolPicker.swift */,
				D8CB5A392970E8DB002007C4 /* SymbolView.swift */,
				D83970E628B132C700282EE8 /* UnityScaleWindow.swift */,
				D826B5C3296B054000693D27 /* WatchGridView.swift */,
				D8B7677A298A6E4F00E99C6A /* PositionOffsetSlider.swift */,
			);
			path = Views;
			sourceTree = "<group>";
		};
		D821B9EF28ACF0A900504AA4 /* Symbols */ = {
			isa = PBXGroup;
			children = (
				D8F6317328AC7D7A00DFEED0 /* SFSymbols.swift */,
			);
			path = Symbols;
			sourceTree = "<group>";
		};
		D826B5CE296B477600693D27 /* Layouts */ = {
			isa = PBXGroup;
			children = (
				D826B5CF296B478400693D27 /* CenteredFlowLayout.swift */,
			);
			path = Layouts;
			sourceTree = "<group>";
		};
		D84B5D72296C5530005E6C59 /* Resources */ = {
			isa = PBXGroup;
			children = (
				D8CB5A372970D9A5002007C4 /* material-icons */,
				D84B5D73296C5540005E6C59 /* Template.symbolic */,
			);
			path = Resources;
			sourceTree = "<group>";
		};
		D88661A1297AC880001E41DD /* Styles */ = {
			isa = PBXGroup;
			children = (
				D88661A2297AC893001E41DD /* InfoLabeledContentStyle.swift */,
				D8B7677C298A728D00E99C6A /* LeadingToTrailingLabeledContentStyle.swift */,
				D8C99CF82993E5D800D85286 /* SidebarFormStyle.swift */,
				D8C99CFA2993E60300D85286 /* SidebarLabeledContentStyle.swift */,
			);
			path = Styles;
			sourceTree = "<group>";
		};
		D8B61306293BB7FF00F29E0C /* Commands */ = {
			isa = PBXGroup;
			children = (
				D8B61307293BB81100F29E0C /* AboutCommands.swift */,
				D826B5C8296B13CB00693D27 /* ExportCommands.swift */,
				D826B5CA296B243800693D27 /* ViewCommands.swift */,
			);
			path = Commands;
			sourceTree = "<group>";
		};
		D8CB5A492971C536002007C4 /* Modifiers */ = {
			isa = PBXGroup;
			children = (
				D89A7404297C9BDE00F632ED /* SavePanel.swift */,
				D88661A4297AD82A001E41DD /* ConditionalLink.swift */,
				D857297B296C176C0037E58F /* SymbolPickerCell.swift */,
				D870818F297C6121007CAE83 /* SavePanel.swift */,
			);
			path = Modifiers;
			sourceTree = "<group>";
		};
		D8CCF729297E821F006A1185 /* Resources */ = {
			isa = PBXGroup;
			children = (
				D8CCF72A297E822A006A1185 /* v0.symbolic */,
				D8CCF72C297E8785006A1185 /* v1.symbolic */,
				D8CCF72E297E8970006A1185 /* v1000.symbolic */,
			);
			path = Resources;
			sourceTree = "<group>";
		};
		D8CCF732297EA396006A1185 /* Extensions */ = {
			isa = PBXGroup;
			children = (
				D8CCF733297EA3A8006A1185 /* XCTest.swift */,
			);
			path = Extensions;
			sourceTree = "<group>";
		};
		D8CD4A7128AC35C300D57F34 = {
			isa = PBXGroup;
			children = (
				D8F99EBF28B138FE007C3868 /* Packages */,
				D8CD4A7C28AC35C300D57F34 /* Symbolic */,
				D8CD4A8E28AC35C600D57F34 /* SymbolicTests */,
				D8CD4A9828AC35C600D57F34 /* SymbolicUITests */,
				D8CD4A7B28AC35C300D57F34 /* Products */,
				D8F99EC428B13998007C3868 /* Frameworks */,
			);
			sourceTree = "<group>";
		};
		D8CD4A7B28AC35C300D57F34 /* Products */ = {
			isa = PBXGroup;
			children = (
				D8CD4A7A28AC35C300D57F34 /* Symbolic.app */,
				D8CD4A8B28AC35C600D57F34 /* SymbolicTests.xctest */,
				D8CD4A9528AC35C600D57F34 /* SymbolicUITests.xctest */,
			);
			name = Products;
			sourceTree = "<group>";
		};
		D8CD4A7C28AC35C300D57F34 /* Symbolic */ = {
			isa = PBXGroup;
			children = (
				D8CD4A8628AC35C600D57F34 /* Symbolic.entitlements */,
				D83970E328B0B61700282EE8 /* Info.plist */,
				D8CD4A7D28AC35C300D57F34 /* SymbolicApp.swift */,
				D8CD4A8128AC35C600D57F34 /* Assets.xcassets */,
				D8B61306293BB7FF00F29E0C /* Commands */,
				D821B9DE28ACDB5500504AA4 /* Extensions */,
				D826B5CE296B477600693D27 /* Layouts */,
				D8F99EC128B13946007C3868 /* Licenses */,
				D821B9E528ACDBC300504AA4 /* Models */,
				D8CB5A492971C536002007C4 /* Modifiers */,
				D8CD4A8328AC35C600D57F34 /* Preview Content */,
				D84B5D72296C5530005E6C59 /* Resources */,
				D88661A1297AC880001E41DD /* Styles */,
				D821B9EF28ACF0A900504AA4 /* Symbols */,
				D8D9730F28ACF8BA006CBF15 /* Toolbars */,
				D821B9E628ACDBCB00504AA4 /* Views */,
			);
			path = Symbolic;
			sourceTree = "<group>";
		};
		D8CD4A8328AC35C600D57F34 /* Preview Content */ = {
			isa = PBXGroup;
			children = (
				D8CD4A8428AC35C600D57F34 /* Preview Assets.xcassets */,
			);
			path = "Preview Content";
			sourceTree = "<group>";
		};
		D8CD4A8E28AC35C600D57F34 /* SymbolicTests */ = {
			isa = PBXGroup;
			children = (
				D8CCF730297E9DB4006A1185 /* ExportTests.swift */,
				D8CCF727297E814D006A1185 /* FileTests.swift */,
				D8CD4A8F28AC35C600D57F34 /* LibraryTests.swift */,
				D8CCF732297EA396006A1185 /* Extensions */,
				D8CCF729297E821F006A1185 /* Resources */,
			);
			path = SymbolicTests;
			sourceTree = "<group>";
		};
		D8CD4A9828AC35C600D57F34 /* SymbolicUITests */ = {
			isa = PBXGroup;
			children = (
				D8CD4A9928AC35C600D57F34 /* SymbolicUITests.swift */,
				D8CD4A9B28AC35C600D57F34 /* SymbolicUITestsLaunchTests.swift */,
			);
			path = SymbolicUITests;
			sourceTree = "<group>";
		};
		D8D9730F28ACF8BA006CBF15 /* Toolbars */ = {
			isa = PBXGroup;
			children = (
				D8D9731028ACF8D2006CBF15 /* ExportToolbar.swift */,
			);
			path = Toolbars;
			sourceTree = "<group>";
		};
		D8F99EBF28B138FE007C3868 /* Packages */ = {
			isa = PBXGroup;
			children = (
				D8F99EC028B138FE007C3868 /* diligence */,
				D864A2382965999C008A4261 /* interact */,
			);
			name = Packages;
			sourceTree = "<group>";
		};
		D8F99EC128B13946007C3868 /* Licenses */ = {
			isa = PBXGroup;
			children = (
				D8CCF735297EB22F006A1185 /* binding-mappedtobool-license */,
				D8F99EC228B13955007C3868 /* diligence-license */,
				D8CB5A4C2971DBCC002007C4 /* swiftdraw-license */,
			);
			path = Licenses;
			sourceTree = "<group>";
		};
		D8F99EC428B13998007C3868 /* Frameworks */ = {
			isa = PBXGroup;
			children = (
			);
			name = Frameworks;
			sourceTree = "<group>";
		};
/* End PBXGroup section */

/* Begin PBXNativeTarget section */
		D8CD4A7928AC35C300D57F34 /* Symbolic */ = {
			isa = PBXNativeTarget;
			buildConfigurationList = D8CD4A9F28AC35C600D57F34 /* Build configuration list for PBXNativeTarget "Symbolic" */;
			buildPhases = (
				D8CD4A7628AC35C300D57F34 /* Sources */,
				D8CD4A7728AC35C300D57F34 /* Frameworks */,
				D8CD4A7828AC35C300D57F34 /* Resources */,
			);
			buildRules = (
			);
			dependencies = (
			);
			name = Symbolic;
			packageProductDependencies = (
				D8F99EC528B13998007C3868 /* Diligence */,
				D864A2392965A2D1008A4261 /* Interact */,
				D831DD1B297319FC00C20B11 /* SwiftDraw */,
			);
			productName = Iconify;
			productReference = D8CD4A7A28AC35C300D57F34 /* Symbolic.app */;
			productType = "com.apple.product-type.application";
		};
		D8CD4A8A28AC35C600D57F34 /* SymbolicTests */ = {
			isa = PBXNativeTarget;
			buildConfigurationList = D8CD4AA228AC35C600D57F34 /* Build configuration list for PBXNativeTarget "SymbolicTests" */;
			buildPhases = (
				D8CD4A8728AC35C600D57F34 /* Sources */,
				D8CD4A8828AC35C600D57F34 /* Frameworks */,
				D8CD4A8928AC35C600D57F34 /* Resources */,
			);
			buildRules = (
			);
			dependencies = (
				D8CD4A8D28AC35C600D57F34 /* PBXTargetDependency */,
			);
			name = SymbolicTests;
			productName = IconifyTests;
			productReference = D8CD4A8B28AC35C600D57F34 /* SymbolicTests.xctest */;
			productType = "com.apple.product-type.bundle.unit-test";
		};
		D8CD4A9428AC35C600D57F34 /* SymbolicUITests */ = {
			isa = PBXNativeTarget;
			buildConfigurationList = D8CD4AA528AC35C600D57F34 /* Build configuration list for PBXNativeTarget "SymbolicUITests" */;
			buildPhases = (
				D8CD4A9128AC35C600D57F34 /* Sources */,
				D8CD4A9228AC35C600D57F34 /* Frameworks */,
				D8CD4A9328AC35C600D57F34 /* Resources */,
			);
			buildRules = (
			);
			dependencies = (
				D8CD4A9728AC35C600D57F34 /* PBXTargetDependency */,
			);
			name = SymbolicUITests;
			productName = IconifyUITests;
			productReference = D8CD4A9528AC35C600D57F34 /* SymbolicUITests.xctest */;
			productType = "com.apple.product-type.bundle.ui-testing";
		};
/* End PBXNativeTarget section */

/* Begin PBXProject section */
		D8CD4A7228AC35C300D57F34 /* Project object */ = {
			isa = PBXProject;
			attributes = {
				BuildIndependentTargetsInParallel = 1;
				LastSwiftUpdateCheck = 1400;
				LastUpgradeCheck = 1410;
				TargetAttributes = {
					D8CD4A7928AC35C300D57F34 = {
						CreatedOnToolsVersion = 14.0;
					};
					D8CD4A8A28AC35C600D57F34 = {
						CreatedOnToolsVersion = 14.0;
						TestTargetID = D8CD4A7928AC35C300D57F34;
					};
					D8CD4A9428AC35C600D57F34 = {
						CreatedOnToolsVersion = 14.0;
						TestTargetID = D8CD4A7928AC35C300D57F34;
					};
				};
			};
			buildConfigurationList = D8CD4A7528AC35C300D57F34 /* Build configuration list for PBXProject "Symbolic" */;
			compatibilityVersion = "Xcode 14.0";
			developmentRegion = en;
			hasScannedForEncodings = 0;
			knownRegions = (
				en,
				Base,
			);
			mainGroup = D8CD4A7128AC35C300D57F34;
			packageReferences = (
				D831DD1A297319FC00C20B11 /* XCRemoteSwiftPackageReference "SwiftDraw" */,
			);
			productRefGroup = D8CD4A7B28AC35C300D57F34 /* Products */;
			projectDirPath = "";
			projectRoot = "";
			targets = (
				D8CD4A7928AC35C300D57F34 /* Symbolic */,
				D8CD4A8A28AC35C600D57F34 /* SymbolicTests */,
				D8CD4A9428AC35C600D57F34 /* SymbolicUITests */,
			);
		};
/* End PBXProject section */

/* Begin PBXResourcesBuildPhase section */
		D8CD4A7828AC35C300D57F34 /* Resources */ = {
			isa = PBXResourcesBuildPhase;
			buildActionMask = 2147483647;
			files = (
				D8CB5A382970D9A5002007C4 /* material-icons in Resources */,
				D8CD4A8528AC35C600D57F34 /* Preview Assets.xcassets in Resources */,
				D8CCF736297EB22F006A1185 /* binding-mappedtobool-license in Resources */,
				D84B5D74296C5540005E6C59 /* Template.symbolic in Resources */,
				D8F99EC328B13955007C3868 /* diligence-license in Resources */,
				D8CB5A4D2971DBCC002007C4 /* swiftdraw-license in Resources */,
				D8CD4A8228AC35C600D57F34 /* Assets.xcassets in Resources */,
			);
			runOnlyForDeploymentPostprocessing = 0;
		};
		D8CD4A8928AC35C600D57F34 /* Resources */ = {
			isa = PBXResourcesBuildPhase;
			buildActionMask = 2147483647;
			files = (
				D8CCF72D297E8785006A1185 /* v1.symbolic in Resources */,
				D8CCF72B297E822A006A1185 /* v0.symbolic in Resources */,
				D8CCF72F297E8970006A1185 /* v1000.symbolic in Resources */,
			);
			runOnlyForDeploymentPostprocessing = 0;
		};
		D8CD4A9328AC35C600D57F34 /* Resources */ = {
			isa = PBXResourcesBuildPhase;
			buildActionMask = 2147483647;
			files = (
			);
			runOnlyForDeploymentPostprocessing = 0;
		};
/* End PBXResourcesBuildPhase section */

/* Begin PBXSourcesBuildPhase section */
		D8CD4A7628AC35C300D57F34 /* Sources */ = {
			isa = PBXSourcesBuildPhase;
			buildActionMask = 2147483647;
			files = (
				D84B5D6F296C5229005E6C59 /* SceneModel.swift in Sources */,
				D826B5C4296B054000693D27 /* WatchGridView.swift in Sources */,
				D8708190297C6121007CAE83 /* SavePanel.swift in Sources */,
				D821B9E828ACDBE000504AA4 /* Icon.swift in Sources */,
				D8B0B1F1296CD4AB00F907BE /* OffsetGuide.swift in Sources */,
				D821B9EC28ACDC2600504AA4 /* IconCorners.swift in Sources */,
				D821B9EE28ACDC6F00504AA4 /* SymbolPicker.swift in Sources */,
				D84B5D71296C52BE005E6C59 /* EditorView.swift in Sources */,
				D8B7677B298A6E4F00E99C6A /* PositionOffsetSlider.swift in Sources */,
				D8B61308293BB81100F29E0C /* AboutCommands.swift in Sources */,
				D857297C296C176C0037E58F /* SymbolPickerCell.swift in Sources */,
				D84868F0296AE616009FDF32 /* IconSection.swift in Sources */,
				D8CB5A482971C4B5002007C4 /* SVGImage.swift in Sources */,
				D8F6317428AC7D7A00DFEED0 /* SFSymbols.swift in Sources */,
				D8CB5A4629719395002007C4 /* Manifest.swift in Sources */,
				D83970E928B1340900282EE8 /* DeviceType.swift in Sources */,
				D8C99CF72993E59C00D85286 /* Sidebar.swift in Sources */,
				D8CB5A3A2970E8DB002007C4 /* SymbolView.swift in Sources */,
				D826B5CB296B243800693D27 /* ViewCommands.swift in Sources */,
				D8CCF738297EB299006A1185 /* Binding+mappedToBool.swift in Sources */,
				D8B7677D298A728D00E99C6A /* LeadingToTrailingLabeledContentStyle.swift in Sources */,
				D83970E528B11F5200282EE8 /* SymbolicError.swift in Sources */,
				D808A2152979918300763881 /* Variant.swift in Sources */,
				D88661A5297AD82A001E41DD /* ConditionalLink.swift in Sources */,
				D86B0ED1291BEFC100352367 /* UTType.swift in Sources */,
				D8CD4A8028AC35C300D57F34 /* ContentView.swift in Sources */,
				D826B5C9296B13CB00693D27 /* ExportCommands.swift in Sources */,
				D826B5CD296B312300693D27 /* IconPreview.swift in Sources */,
				D84868EE296AE486009FDF32 /* IconDefinition.swift in Sources */,
				D821B9EA28ACDBF700504AA4 /* String.swift in Sources */,
				D88661A3297AC893001E41DD /* InfoLabeledContentStyle.swift in Sources */,
				D8CB5A442971925A002007C4 /* Symbol.swift in Sources */,
				D821B9E428ACDBA800504AA4 /* IconView.swift in Sources */,
				D8D9731128ACF8D2006CBF15 /* ExportToolbar.swift in Sources */,
				D83970E728B132C700282EE8 /* UnityScaleWindow.swift in Sources */,
				D8CB5A3C2970E92A002007C4 /* Library.swift in Sources */,
				D8C99CFB2993E60300D85286 /* SidebarLabeledContentStyle.swift in Sources */,
				D83970E228B0B45300282EE8 /* Color.swift in Sources */,
				D84868EA296ACC8B009FDF32 /* IconSetView.swift in Sources */,
				D821B9E028ACDB6000504AA4 /* View.swift in Sources */,
				D84868E8296ACC58009FDF32 /* Header.swift in Sources */,
				D8CD4A7E28AC35C300D57F34 /* SymbolicApp.swift in Sources */,
				D826B5C6296B09FC00693D27 /* Path.swift in Sources */,
				D8E4C3C12979809D00A25DF9 /* LibraryInfoView.swift in Sources */,
				D8B6130A293BB98100F29E0C /* ApplicationModel.swift in Sources */,
				D808A2172979928900763881 /* LibraryInfoButton.swift in Sources */,
				D864A23C2965E239008A4261 /* MacIconView.swift in Sources */,
				D8CB5A3E2970F4D0002007C4 /* SymbolReference.swift in Sources */,
				D8685CFF298D17A200A7DA60 /* NSApplication.swift in Sources */,
				D8C99CF92993E5D800D85286 /* SidebarFormStyle.swift in Sources */,
				D870818E297C1F02007CAE83 /* Settings.swift in Sources */,
				D826B5D0296B478400693D27 /* CenteredFlowLayout.swift in Sources */,
				D8CB5A4229718D23002007C4 /* LibraryManager.swift in Sources */,
				D84868EC296AE437009FDF32 /* IconSet.swift in Sources */,
				D86B0ECF291BEF7400352367 /* IconDocument.swift in Sources */,
				D8F6317628AC85C600DFEED0 /* SymbolPickerModel.swift in Sources */,
			);
			runOnlyForDeploymentPostprocessing = 0;
		};
		D8CD4A8728AC35C600D57F34 /* Sources */ = {
			isa = PBXSourcesBuildPhase;
			buildActionMask = 2147483647;
			files = (
				D8CCF731297E9DB4006A1185 /* ExportTests.swift in Sources */,
				D8CCF728297E814D006A1185 /* FileTests.swift in Sources */,
				D8CCF734297EA3A8006A1185 /* XCTest.swift in Sources */,
				D8CD4A9028AC35C600D57F34 /* LibraryTests.swift in Sources */,
			);
			runOnlyForDeploymentPostprocessing = 0;
		};
		D8CD4A9128AC35C600D57F34 /* Sources */ = {
			isa = PBXSourcesBuildPhase;
			buildActionMask = 2147483647;
			files = (
				D8CD4A9C28AC35C600D57F34 /* SymbolicUITestsLaunchTests.swift in Sources */,
				D8CD4A9A28AC35C600D57F34 /* SymbolicUITests.swift in Sources */,
			);
			runOnlyForDeploymentPostprocessing = 0;
		};
/* End PBXSourcesBuildPhase section */

/* Begin PBXTargetDependency section */
		D8CD4A8D28AC35C600D57F34 /* PBXTargetDependency */ = {
			isa = PBXTargetDependency;
			target = D8CD4A7928AC35C300D57F34 /* Symbolic */;
			targetProxy = D8CD4A8C28AC35C600D57F34 /* PBXContainerItemProxy */;
		};
		D8CD4A9728AC35C600D57F34 /* PBXTargetDependency */ = {
			isa = PBXTargetDependency;
			target = D8CD4A7928AC35C300D57F34 /* Symbolic */;
			targetProxy = D8CD4A9628AC35C600D57F34 /* PBXContainerItemProxy */;
		};
/* End PBXTargetDependency section */

/* Begin XCBuildConfiguration section */
		D8CD4A9D28AC35C600D57F34 /* Debug */ = {
			isa = XCBuildConfiguration;
			buildSettings = {
				ALWAYS_SEARCH_USER_PATHS = NO;
				CLANG_ANALYZER_NONNULL = YES;
				CLANG_ANALYZER_NUMBER_OBJECT_CONVERSION = YES_AGGRESSIVE;
				CLANG_CXX_LANGUAGE_STANDARD = "gnu++20";
				CLANG_ENABLE_MODULES = YES;
				CLANG_ENABLE_OBJC_ARC = YES;
				CLANG_ENABLE_OBJC_WEAK = YES;
				CLANG_WARN_BLOCK_CAPTURE_AUTORELEASING = YES;
				CLANG_WARN_BOOL_CONVERSION = YES;
				CLANG_WARN_COMMA = YES;
				CLANG_WARN_CONSTANT_CONVERSION = YES;
				CLANG_WARN_DEPRECATED_OBJC_IMPLEMENTATIONS = YES;
				CLANG_WARN_DIRECT_OBJC_ISA_USAGE = YES_ERROR;
				CLANG_WARN_DOCUMENTATION_COMMENTS = YES;
				CLANG_WARN_EMPTY_BODY = YES;
				CLANG_WARN_ENUM_CONVERSION = YES;
				CLANG_WARN_INFINITE_RECURSION = YES;
				CLANG_WARN_INT_CONVERSION = YES;
				CLANG_WARN_NON_LITERAL_NULL_CONVERSION = YES;
				CLANG_WARN_OBJC_IMPLICIT_RETAIN_SELF = YES;
				CLANG_WARN_OBJC_LITERAL_CONVERSION = YES;
				CLANG_WARN_OBJC_ROOT_CLASS = YES_ERROR;
				CLANG_WARN_QUOTED_INCLUDE_IN_FRAMEWORK_HEADER = YES;
				CLANG_WARN_RANGE_LOOP_ANALYSIS = YES;
				CLANG_WARN_STRICT_PROTOTYPES = YES;
				CLANG_WARN_SUSPICIOUS_MOVE = YES;
				CLANG_WARN_UNGUARDED_AVAILABILITY = YES_AGGRESSIVE;
				CLANG_WARN_UNREACHABLE_CODE = YES;
				CLANG_WARN__DUPLICATE_METHOD_MATCH = YES;
				COPY_PHASE_STRIP = NO;
				DEAD_CODE_STRIPPING = YES;
				DEBUG_INFORMATION_FORMAT = dwarf;
				ENABLE_STRICT_OBJC_MSGSEND = YES;
				ENABLE_TESTABILITY = YES;
				GCC_C_LANGUAGE_STANDARD = gnu11;
				GCC_DYNAMIC_NO_PIC = NO;
				GCC_NO_COMMON_BLOCKS = YES;
				GCC_OPTIMIZATION_LEVEL = 0;
				GCC_PREPROCESSOR_DEFINITIONS = (
					"DEBUG=1",
					"$(inherited)",
				);
				GCC_WARN_64_TO_32_BIT_CONVERSION = YES;
				GCC_WARN_ABOUT_RETURN_TYPE = YES_ERROR;
				GCC_WARN_UNDECLARED_SELECTOR = YES;
				GCC_WARN_UNINITIALIZED_AUTOS = YES_AGGRESSIVE;
				GCC_WARN_UNUSED_FUNCTION = YES;
				GCC_WARN_UNUSED_VARIABLE = YES;
				MACOSX_DEPLOYMENT_TARGET = 13.0;
				MTL_ENABLE_DEBUG_INFO = INCLUDE_SOURCE;
				MTL_FAST_MATH = YES;
				ONLY_ACTIVE_ARCH = YES;
				SDKROOT = macosx;
				SWIFT_ACTIVE_COMPILATION_CONDITIONS = DEBUG;
				SWIFT_OPTIMIZATION_LEVEL = "-Onone";
			};
			name = Debug;
		};
		D8CD4A9E28AC35C600D57F34 /* Release */ = {
			isa = XCBuildConfiguration;
			buildSettings = {
				ALWAYS_SEARCH_USER_PATHS = NO;
				CLANG_ANALYZER_NONNULL = YES;
				CLANG_ANALYZER_NUMBER_OBJECT_CONVERSION = YES_AGGRESSIVE;
				CLANG_CXX_LANGUAGE_STANDARD = "gnu++20";
				CLANG_ENABLE_MODULES = YES;
				CLANG_ENABLE_OBJC_ARC = YES;
				CLANG_ENABLE_OBJC_WEAK = YES;
				CLANG_WARN_BLOCK_CAPTURE_AUTORELEASING = YES;
				CLANG_WARN_BOOL_CONVERSION = YES;
				CLANG_WARN_COMMA = YES;
				CLANG_WARN_CONSTANT_CONVERSION = YES;
				CLANG_WARN_DEPRECATED_OBJC_IMPLEMENTATIONS = YES;
				CLANG_WARN_DIRECT_OBJC_ISA_USAGE = YES_ERROR;
				CLANG_WARN_DOCUMENTATION_COMMENTS = YES;
				CLANG_WARN_EMPTY_BODY = YES;
				CLANG_WARN_ENUM_CONVERSION = YES;
				CLANG_WARN_INFINITE_RECURSION = YES;
				CLANG_WARN_INT_CONVERSION = YES;
				CLANG_WARN_NON_LITERAL_NULL_CONVERSION = YES;
				CLANG_WARN_OBJC_IMPLICIT_RETAIN_SELF = YES;
				CLANG_WARN_OBJC_LITERAL_CONVERSION = YES;
				CLANG_WARN_OBJC_ROOT_CLASS = YES_ERROR;
				CLANG_WARN_QUOTED_INCLUDE_IN_FRAMEWORK_HEADER = YES;
				CLANG_WARN_RANGE_LOOP_ANALYSIS = YES;
				CLANG_WARN_STRICT_PROTOTYPES = YES;
				CLANG_WARN_SUSPICIOUS_MOVE = YES;
				CLANG_WARN_UNGUARDED_AVAILABILITY = YES_AGGRESSIVE;
				CLANG_WARN_UNREACHABLE_CODE = YES;
				CLANG_WARN__DUPLICATE_METHOD_MATCH = YES;
				COPY_PHASE_STRIP = NO;
				DEAD_CODE_STRIPPING = YES;
				DEBUG_INFORMATION_FORMAT = "dwarf-with-dsym";
				ENABLE_NS_ASSERTIONS = NO;
				ENABLE_STRICT_OBJC_MSGSEND = YES;
				GCC_C_LANGUAGE_STANDARD = gnu11;
				GCC_NO_COMMON_BLOCKS = YES;
				GCC_WARN_64_TO_32_BIT_CONVERSION = YES;
				GCC_WARN_ABOUT_RETURN_TYPE = YES_ERROR;
				GCC_WARN_UNDECLARED_SELECTOR = YES;
				GCC_WARN_UNINITIALIZED_AUTOS = YES_AGGRESSIVE;
				GCC_WARN_UNUSED_FUNCTION = YES;
				GCC_WARN_UNUSED_VARIABLE = YES;
				MACOSX_DEPLOYMENT_TARGET = 13.0;
				MTL_ENABLE_DEBUG_INFO = NO;
				MTL_FAST_MATH = YES;
				SDKROOT = macosx;
				SWIFT_COMPILATION_MODE = wholemodule;
				SWIFT_OPTIMIZATION_LEVEL = "-O";
			};
			name = Release;
		};
		D8CD4AA028AC35C600D57F34 /* Debug */ = {
			isa = XCBuildConfiguration;
			buildSettings = {
				ARCHS = "$(ARCHS_STANDARD)";
				ASSETCATALOG_COMPILER_APPICON_NAME = AppIcon;
				ASSETCATALOG_COMPILER_GLOBAL_ACCENT_COLOR_NAME = AccentColor;
				CODE_SIGN_ENTITLEMENTS = Symbolic/Symbolic.entitlements;
				CODE_SIGN_IDENTITY = "-";
				"CODE_SIGN_IDENTITY[sdk=macosx*]" = "Apple Development";
				CODE_SIGN_STYLE = Automatic;
				COMBINE_HIDPI_IMAGES = YES;
				CURRENT_PROJECT_VERSION = 1;
				DEAD_CODE_STRIPPING = YES;
				DEVELOPMENT_ASSET_PATHS = "\"Symbolic/Preview Content\"";
				DEVELOPMENT_TEAM = QS82QFHKWB;
				ENABLE_PREVIEWS = YES;
				GENERATE_INFOPLIST_FILE = YES;
				INFOPLIST_FILE = Symbolic/Info.plist;
				INFOPLIST_KEY_CFBundleDisplayName = Symbolic;
				INFOPLIST_KEY_LSApplicationCategoryType = "public.app-category.graphics-design";
				INFOPLIST_KEY_NSHumanReadableCopyright = "";
				LD_RUNPATH_SEARCH_PATHS = (
					"$(inherited)",
					"@executable_path/../Frameworks",
				);
				MARKETING_VERSION = 1.0;
				PRODUCT_BUNDLE_IDENTIFIER = app.symbolic.apps.appstore;
				PRODUCT_NAME = "$(TARGET_NAME)";
				SWIFT_EMIT_LOC_STRINGS = YES;
				SWIFT_VERSION = 5.0;
			};
			name = Debug;
		};
		D8CD4AA128AC35C600D57F34 /* Release */ = {
			isa = XCBuildConfiguration;
			buildSettings = {
				ARCHS = "$(ARCHS_STANDARD)";
				ASSETCATALOG_COMPILER_APPICON_NAME = AppIcon;
				ASSETCATALOG_COMPILER_GLOBAL_ACCENT_COLOR_NAME = AccentColor;
				CODE_SIGN_ENTITLEMENTS = Symbolic/Symbolic.entitlements;
				CODE_SIGN_IDENTITY = "-";
				"CODE_SIGN_IDENTITY[sdk=macosx*]" = "3rd Party Mac Developer Application";
				CODE_SIGN_STYLE = Manual;
				COMBINE_HIDPI_IMAGES = YES;
				CURRENT_PROJECT_VERSION = 1;
				DEAD_CODE_STRIPPING = YES;
				DEVELOPMENT_ASSET_PATHS = "\"Symbolic/Preview Content\"";
				DEVELOPMENT_TEAM = "";
				"DEVELOPMENT_TEAM[sdk=macosx*]" = QS82QFHKWB;
				ENABLE_PREVIEWS = YES;
				GENERATE_INFOPLIST_FILE = YES;
				INFOPLIST_FILE = Symbolic/Info.plist;
				INFOPLIST_KEY_CFBundleDisplayName = Symbolic;
				INFOPLIST_KEY_LSApplicationCategoryType = "public.app-category.graphics-design";
				INFOPLIST_KEY_NSHumanReadableCopyright = "";
				LD_RUNPATH_SEARCH_PATHS = (
					"$(inherited)",
					"@executable_path/../Frameworks",
				);
				MARKETING_VERSION = 1.0;
				PRODUCT_BUNDLE_IDENTIFIER = app.symbolic.apps.appstore;
				PRODUCT_NAME = "$(TARGET_NAME)";
				PROVISIONING_PROFILE_SPECIFIER = "";
				"PROVISIONING_PROFILE_SPECIFIER[sdk=macosx*]" = "Symbolic Mac App Store Profile";
				SWIFT_EMIT_LOC_STRINGS = YES;
				SWIFT_VERSION = 5.0;
			};
			name = Release;
		};
		D8CD4AA328AC35C600D57F34 /* Debug */ = {
			isa = XCBuildConfiguration;
			buildSettings = {
				ALWAYS_EMBED_SWIFT_STANDARD_LIBRARIES = YES;
				BUNDLE_LOADER = "$(TEST_HOST)";
				CODE_SIGN_STYLE = Automatic;
				CURRENT_PROJECT_VERSION = 1;
				DEAD_CODE_STRIPPING = YES;
				GENERATE_INFOPLIST_FILE = YES;
				MACOSX_DEPLOYMENT_TARGET = 13.0;
				MARKETING_VERSION = 1.0;
				PRODUCT_BUNDLE_IDENTIFIER = app.symbolic.apps.appstore.tests;
				PRODUCT_NAME = "$(TARGET_NAME)";
				SWIFT_EMIT_LOC_STRINGS = NO;
				SWIFT_VERSION = 5.0;
				TEST_HOST = "$(BUILT_PRODUCTS_DIR)/Symbolic.app/$(BUNDLE_EXECUTABLE_FOLDER_PATH)/Symbolic";
			};
			name = Debug;
		};
		D8CD4AA428AC35C600D57F34 /* Release */ = {
			isa = XCBuildConfiguration;
			buildSettings = {
				ALWAYS_EMBED_SWIFT_STANDARD_LIBRARIES = YES;
				BUNDLE_LOADER = "$(TEST_HOST)";
				CODE_SIGN_STYLE = Automatic;
				CURRENT_PROJECT_VERSION = 1;
				DEAD_CODE_STRIPPING = YES;
				GENERATE_INFOPLIST_FILE = YES;
				MACOSX_DEPLOYMENT_TARGET = 13.0;
				MARKETING_VERSION = 1.0;
				PRODUCT_BUNDLE_IDENTIFIER = app.symbolic.apps.appstore.tests;
				PRODUCT_NAME = "$(TARGET_NAME)";
				SWIFT_EMIT_LOC_STRINGS = NO;
				SWIFT_VERSION = 5.0;
				TEST_HOST = "$(BUILT_PRODUCTS_DIR)/Symbolic.app/$(BUNDLE_EXECUTABLE_FOLDER_PATH)/Symbolic";
			};
			name = Release;
		};
		D8CD4AA628AC35C600D57F34 /* Debug */ = {
			isa = XCBuildConfiguration;
			buildSettings = {
				ALWAYS_EMBED_SWIFT_STANDARD_LIBRARIES = YES;
				CODE_SIGN_STYLE = Automatic;
				CURRENT_PROJECT_VERSION = 1;
				DEAD_CODE_STRIPPING = YES;
				GENERATE_INFOPLIST_FILE = YES;
				MARKETING_VERSION = 1.0;
				PRODUCT_BUNDLE_IDENTIFIER = app.symbolic.apps.appstore.uitests;
				PRODUCT_NAME = "$(TARGET_NAME)";
				SWIFT_EMIT_LOC_STRINGS = NO;
				SWIFT_VERSION = 5.0;
				TEST_TARGET_NAME = Symbolic;
			};
			name = Debug;
		};
		D8CD4AA728AC35C600D57F34 /* Release */ = {
			isa = XCBuildConfiguration;
			buildSettings = {
				ALWAYS_EMBED_SWIFT_STANDARD_LIBRARIES = YES;
				CODE_SIGN_STYLE = Automatic;
				CURRENT_PROJECT_VERSION = 1;
				DEAD_CODE_STRIPPING = YES;
				GENERATE_INFOPLIST_FILE = YES;
				MARKETING_VERSION = 1.0;
				PRODUCT_BUNDLE_IDENTIFIER = app.symbolic.apps.appstore.uitests;
				PRODUCT_NAME = "$(TARGET_NAME)";
				SWIFT_EMIT_LOC_STRINGS = NO;
				SWIFT_VERSION = 5.0;
				TEST_TARGET_NAME = Symbolic;
			};
			name = Release;
		};
/* End XCBuildConfiguration section */

/* Begin XCConfigurationList section */
		D8CD4A7528AC35C300D57F34 /* Build configuration list for PBXProject "Symbolic" */ = {
			isa = XCConfigurationList;
			buildConfigurations = (
				D8CD4A9D28AC35C600D57F34 /* Debug */,
				D8CD4A9E28AC35C600D57F34 /* Release */,
			);
			defaultConfigurationIsVisible = 0;
			defaultConfigurationName = Release;
		};
		D8CD4A9F28AC35C600D57F34 /* Build configuration list for PBXNativeTarget "Symbolic" */ = {
			isa = XCConfigurationList;
			buildConfigurations = (
				D8CD4AA028AC35C600D57F34 /* Debug */,
				D8CD4AA128AC35C600D57F34 /* Release */,
			);
			defaultConfigurationIsVisible = 0;
			defaultConfigurationName = Release;
		};
		D8CD4AA228AC35C600D57F34 /* Build configuration list for PBXNativeTarget "SymbolicTests" */ = {
			isa = XCConfigurationList;
			buildConfigurations = (
				D8CD4AA328AC35C600D57F34 /* Debug */,
				D8CD4AA428AC35C600D57F34 /* Release */,
			);
			defaultConfigurationIsVisible = 0;
			defaultConfigurationName = Release;
		};
		D8CD4AA528AC35C600D57F34 /* Build configuration list for PBXNativeTarget "SymbolicUITests" */ = {
			isa = XCConfigurationList;
			buildConfigurations = (
				D8CD4AA628AC35C600D57F34 /* Debug */,
				D8CD4AA728AC35C600D57F34 /* Release */,
			);
			defaultConfigurationIsVisible = 0;
			defaultConfigurationName = Release;
		};
/* End XCConfigurationList section */

/* Begin XCRemoteSwiftPackageReference section */
		D831DD1A297319FC00C20B11 /* XCRemoteSwiftPackageReference "SwiftDraw" */ = {
			isa = XCRemoteSwiftPackageReference;
			repositoryURL = "https://github.com/swhitty/SwiftDraw.git";
			requirement = {
				kind = upToNextMajorVersion;
				minimumVersion = 0.9.6;
			};
		};
/* End XCRemoteSwiftPackageReference section */

/* Begin XCSwiftPackageProductDependency section */
		D831DD1B297319FC00C20B11 /* SwiftDraw */ = {
			isa = XCSwiftPackageProductDependency;
			package = D831DD1A297319FC00C20B11 /* XCRemoteSwiftPackageReference "SwiftDraw" */;
			productName = SwiftDraw;
		};
		D864A2392965A2D1008A4261 /* Interact */ = {
			isa = XCSwiftPackageProductDependency;
			productName = Interact;
		};
		D8F99EC528B13998007C3868 /* Diligence */ = {
			isa = XCSwiftPackageProductDependency;
			productName = Diligence;
		};
/* End XCSwiftPackageProductDependency section */
	};
	rootObject = D8CD4A7228AC35C300D57F34 /* Project object */;
}
