// !$*UTF8*$!
{
	archiveVersion = 1;
	classes = {
	};
	objectVersion = 70;
	objects = {

/* Begin PBXBuildFile section */
		D831DD1C297319FC00C20B11 /* SwiftDraw in Frameworks */ = {isa = PBXBuildFile; productRef = D831DD1B297319FC00C20B11 /* SwiftDraw */; };
		D864A23A2965A2D1008A4261 /* Interact in Frameworks */ = {isa = PBXBuildFile; productRef = D864A2392965A2D1008A4261 /* Interact */; };
		D8CCF728297E814D006A1185 /* FileTests.swift in Sources */ = {isa = PBXBuildFile; fileRef = D8CCF727297E814D006A1185 /* FileTests.swift */; };
		D8CCF72B297E822A006A1185 /* v0.symbolic in Resources */ = {isa = PBXBuildFile; fileRef = D8CCF72A297E822A006A1185 /* v0.symbolic */; };
		D8CCF72D297E8785006A1185 /* v1.symbolic in Resources */ = {isa = PBXBuildFile; fileRef = D8CCF72C297E8785006A1185 /* v1.symbolic */; };
		D8CCF72F297E8970006A1185 /* v1000.symbolic in Resources */ = {isa = PBXBuildFile; fileRef = D8CCF72E297E8970006A1185 /* v1000.symbolic */; };
		D8CCF731297E9DB4006A1185 /* ExportTests.swift in Sources */ = {isa = PBXBuildFile; fileRef = D8CCF730297E9DB4006A1185 /* ExportTests.swift */; };
		D8CCF734297EA3A8006A1185 /* XCTest.swift in Sources */ = {isa = PBXBuildFile; fileRef = D8CCF733297EA3A8006A1185 /* XCTest.swift */; };
		D8CD4A9028AC35C600D57F34 /* LibraryTests.swift in Sources */ = {isa = PBXBuildFile; fileRef = D8CD4A8F28AC35C600D57F34 /* LibraryTests.swift */; };
		D8F99EC628B13998007C3868 /* Diligence in Frameworks */ = {isa = PBXBuildFile; productRef = D8F99EC528B13998007C3868 /* Diligence */; };
/* End PBXBuildFile section */

/* Begin PBXContainerItemProxy section */
		D8CD4A8C28AC35C600D57F34 /* PBXContainerItemProxy */ = {
			isa = PBXContainerItemProxy;
			containerPortal = D8CD4A7228AC35C300D57F34 /* Project object */;
			proxyType = 1;
			remoteGlobalIDString = D8CD4A7928AC35C300D57F34;
			remoteInfo = Iconify;
		};
		D8CD4A9628AC35C600D57F34 /* PBXContainerItemProxy */ = {
			isa = PBXContainerItemProxy;
			containerPortal = D8CD4A7228AC35C300D57F34 /* Project object */;
			proxyType = 1;
			remoteGlobalIDString = D8CD4A7928AC35C300D57F34;
			remoteInfo = Iconify;
		};
/* End PBXContainerItemProxy section */

/* Begin PBXFileReference section */
		D8CCF727297E814D006A1185 /* FileTests.swift */ = {isa = PBXFileReference; fileEncoding = 4; lastKnownFileType = sourcecode.swift; path = FileTests.swift; sourceTree = "<group>"; };
		D8CCF72A297E822A006A1185 /* v0.symbolic */ = {isa = PBXFileReference; lastKnownFileType = text; name = v0.symbolic; path = SymbolicTests/Resources/v0.symbolic; sourceTree = SOURCE_ROOT; };
		D8CCF72C297E8785006A1185 /* v1.symbolic */ = {isa = PBXFileReference; fileEncoding = 4; lastKnownFileType = text; path = v1.symbolic; sourceTree = "<group>"; };
		D8CCF72E297E8970006A1185 /* v1000.symbolic */ = {isa = PBXFileReference; fileEncoding = 4; lastKnownFileType = text; path = v1000.symbolic; sourceTree = "<group>"; };
		D8CCF730297E9DB4006A1185 /* ExportTests.swift */ = {isa = PBXFileReference; lastKnownFileType = sourcecode.swift; path = ExportTests.swift; sourceTree = "<group>"; };
		D8CCF733297EA3A8006A1185 /* XCTest.swift */ = {isa = PBXFileReference; lastKnownFileType = sourcecode.swift; path = XCTest.swift; sourceTree = "<group>"; };
		D8CD4A7A28AC35C300D57F34 /* Symbolic.app */ = {isa = PBXFileReference; explicitFileType = wrapper.application; includeInIndex = 0; path = Symbolic.app; sourceTree = BUILT_PRODUCTS_DIR; };
		D8CD4A8B28AC35C600D57F34 /* SymbolicTests.xctest */ = {isa = PBXFileReference; explicitFileType = wrapper.cfbundle; includeInIndex = 0; path = SymbolicTests.xctest; sourceTree = BUILT_PRODUCTS_DIR; };
		D8CD4A8F28AC35C600D57F34 /* LibraryTests.swift */ = {isa = PBXFileReference; lastKnownFileType = sourcecode.swift; path = LibraryTests.swift; sourceTree = "<group>"; };
		D8CD4A9528AC35C600D57F34 /* SymbolicUITests.xctest */ = {isa = PBXFileReference; explicitFileType = wrapper.cfbundle; includeInIndex = 0; path = SymbolicUITests.xctest; sourceTree = BUILT_PRODUCTS_DIR; };
/* End PBXFileReference section */

/* Begin PBXFileSystemSynchronizedBuildFileExceptionSet section */
		D8D00D262E87263800901654 /* PBXFileSystemSynchronizedBuildFileExceptionSet */ = {
			isa = PBXFileSystemSynchronizedBuildFileExceptionSet;
			membershipExceptions = (
				Info.plist,
			);
			target = D8CD4A7928AC35C300D57F34 /* Symbolic */;
		};
/* End PBXFileSystemSynchronizedBuildFileExceptionSet section */

/* Begin PBXFileSystemSynchronizedRootGroup section */
		D8D00CE52E87263800901654 /* Symbolic */ = {isa = PBXFileSystemSynchronizedRootGroup; exceptions = (D8D00D262E87263800901654 /* PBXFileSystemSynchronizedBuildFileExceptionSet */, ); explicitFileTypes = {}; explicitFolders = ("Resources/material-icons", ); path = Symbolic; sourceTree = "<group>"; };
		D8D00D2B2E87267700901654 /* SymbolicUITests */ = {isa = PBXFileSystemSynchronizedRootGroup; explicitFileTypes = {}; explicitFolders = (); path = SymbolicUITests; sourceTree = "<group>"; };
/* End PBXFileSystemSynchronizedRootGroup section */

/* Begin PBXFrameworksBuildPhase section */
		D8CD4A7728AC35C300D57F34 /* Frameworks */ = {
			isa = PBXFrameworksBuildPhase;
			buildActionMask = 2147483647;
			files = (
				D831DD1C297319FC00C20B11 /* SwiftDraw in Frameworks */,
				D864A23A2965A2D1008A4261 /* Interact in Frameworks */,
				D8F99EC628B13998007C3868 /* Diligence in Frameworks */,
			);
			runOnlyForDeploymentPostprocessing = 0;
		};
		D8CD4A8828AC35C600D57F34 /* Frameworks */ = {
			isa = PBXFrameworksBuildPhase;
			buildActionMask = 2147483647;
			files = (
			);
			runOnlyForDeploymentPostprocessing = 0;
		};
		D8CD4A9228AC35C600D57F34 /* Frameworks */ = {
			isa = PBXFrameworksBuildPhase;
			buildActionMask = 2147483647;
			files = (
			);
			runOnlyForDeploymentPostprocessing = 0;
		};
/* End PBXFrameworksBuildPhase section */

/* Begin PBXGroup section */
		D8CCF729297E821F006A1185 /* Resources */ = {
			isa = PBXGroup;
			children = (
				D8CCF72A297E822A006A1185 /* v0.symbolic */,
				D8CCF72C297E8785006A1185 /* v1.symbolic */,
				D8CCF72E297E8970006A1185 /* v1000.symbolic */,
			);
			path = Resources;
			sourceTree = "<group>";
		};
		D8CCF732297EA396006A1185 /* Extensions */ = {
			isa = PBXGroup;
			children = (
				D8CCF733297EA3A8006A1185 /* XCTest.swift */,
			);
			path = Extensions;
			sourceTree = "<group>";
		};
		D8CD4A7128AC35C300D57F34 = {
			isa = PBXGroup;
			children = (
				D8D00CE52E87263800901654 /* Symbolic */,
				D8CD4A8E28AC35C600D57F34 /* SymbolicTests */,
				D8D00D2B2E87267700901654 /* SymbolicUITests */,
				D8CD4A7B28AC35C300D57F34 /* Products */,
				D8F99EC428B13998007C3868 /* Frameworks */,
			);
			sourceTree = "<group>";
		};
		D8CD4A7B28AC35C300D57F34 /* Products */ = {
			isa = PBXGroup;
			children = (
				D8CD4A7A28AC35C300D57F34 /* Symbolic.app */,
				D8CD4A8B28AC35C600D57F34 /* SymbolicTests.xctest */,
				D8CD4A9528AC35C600D57F34 /* SymbolicUITests.xctest */,
			);
			name = Products;
			sourceTree = "<group>";
		};
		D8CD4A8E28AC35C600D57F34 /* SymbolicTests */ = {
			isa = PBXGroup;
			children = (
				D8CCF730297E9DB4006A1185 /* ExportTests.swift */,
				D8CCF727297E814D006A1185 /* FileTests.swift */,
				D8CD4A8F28AC35C600D57F34 /* LibraryTests.swift */,
				D8CCF732297EA396006A1185 /* Extensions */,
				D8CCF729297E821F006A1185 /* Resources */,
			);
			path = SymbolicTests;
			sourceTree = "<group>";
		};
		D8F99EC428B13998007C3868 /* Frameworks */ = {
			isa = PBXGroup;
			children = (
			);
			name = Frameworks;
			sourceTree = "<group>";
		};
/* End PBXGroup section */

/* Begin PBXNativeTarget section */
		D8CD4A7928AC35C300D57F34 /* Symbolic */ = {
			isa = PBXNativeTarget;
			buildConfigurationList = D8CD4A9F28AC35C600D57F34 /* Build configuration list for PBXNativeTarget "Symbolic" */;
			buildPhases = (
				D8CD4A7628AC35C300D57F34 /* Sources */,
				D8CD4A7728AC35C300D57F34 /* Frameworks */,
				D8CD4A7828AC35C300D57F34 /* Resources */,
			);
			buildRules = (
			);
			dependencies = (
			);
			fileSystemSynchronizedGroups = (
				D8D00CE52E87263800901654 /* Symbolic */,
			);
			name = Symbolic;
			packageProductDependencies = (
				D8F99EC528B13998007C3868 /* Diligence */,
				D864A2392965A2D1008A4261 /* Interact */,
				D831DD1B297319FC00C20B11 /* SwiftDraw */,
			);
			productName = Iconify;
			productReference = D8CD4A7A28AC35C300D57F34 /* Symbolic.app */;
			productType = "com.apple.product-type.application";
		};
		D8CD4A8A28AC35C600D57F34 /* SymbolicTests */ = {
			isa = PBXNativeTarget;
			buildConfigurationList = D8CD4AA228AC35C600D57F34 /* Build configuration list for PBXNativeTarget "SymbolicTests" */;
			buildPhases = (
				D8CD4A8728AC35C600D57F34 /* Sources */,
				D8CD4A8828AC35C600D57F34 /* Frameworks */,
				D8CD4A8928AC35C600D57F34 /* Resources */,
			);
			buildRules = (
			);
			dependencies = (
				D8CD4A8D28AC35C600D57F34 /* PBXTargetDependency */,
			);
			name = SymbolicTests;
			productName = IconifyTests;
			productReference = D8CD4A8B28AC35C600D57F34 /* SymbolicTests.xctest */;
			productType = "com.apple.product-type.bundle.unit-test";
		};
		D8CD4A9428AC35C600D57F34 /* SymbolicUITests */ = {
			isa = PBXNativeTarget;
			buildConfigurationList = D8CD4AA528AC35C600D57F34 /* Build configuration list for PBXNativeTarget "SymbolicUITests" */;
			buildPhases = (
				D8CD4A9128AC35C600D57F34 /* Sources */,
				D8CD4A9228AC35C600D57F34 /* Frameworks */,
				D8CD4A9328AC35C600D57F34 /* Resources */,
			);
			buildRules = (
			);
			dependencies = (
				D8CD4A9728AC35C600D57F34 /* PBXTargetDependency */,
			);
			fileSystemSynchronizedGroups = (
				D8D00D2B2E87267700901654 /* SymbolicUITests */,
			);
			name = SymbolicUITests;
			productName = IconifyUITests;
			productReference = D8CD4A9528AC35C600D57F34 /* SymbolicUITests.xctest */;
			productType = "com.apple.product-type.bundle.ui-testing";
		};
/* End PBXNativeTarget section */

/* Begin PBXProject section */
		D8CD4A7228AC35C300D57F34 /* Project object */ = {
			isa = PBXProject;
			attributes = {
				BuildIndependentTargetsInParallel = 1;
				LastSwiftUpdateCheck = 1400;
				LastUpgradeCheck = 1540;
				TargetAttributes = {
					D8CD4A7928AC35C300D57F34 = {
						CreatedOnToolsVersion = 14.0;
					};
					D8CD4A8A28AC35C600D57F34 = {
						CreatedOnToolsVersion = 14.0;
						TestTargetID = D8CD4A7928AC35C300D57F34;
					};
					D8CD4A9428AC35C600D57F34 = {
						CreatedOnToolsVersion = 14.0;
						TestTargetID = D8CD4A7928AC35C300D57F34;
					};
				};
			};
			buildConfigurationList = D8CD4A7528AC35C300D57F34 /* Build configuration list for PBXProject "Symbolic" */;
			compatibilityVersion = "Xcode 14.0";
			developmentRegion = en;
			hasScannedForEncodings = 0;
			knownRegions = (
				en,
				Base,
			);
			mainGroup = D8CD4A7128AC35C300D57F34;
			packageReferences = (
				D831DD1A297319FC00C20B11 /* XCRemoteSwiftPackageReference "SwiftDraw" */,
				D8F6ADD02CA74B0E0078416B /* XCLocalSwiftPackageReference "dependencies/diligence" */,
				D8F6ADD12CA74B230078416B /* XCLocalSwiftPackageReference "dependencies/interact" */,
			);
			productRefGroup = D8CD4A7B28AC35C300D57F34 /* Products */;
			projectDirPath = "";
			projectRoot = "";
			targets = (
				D8CD4A7928AC35C300D57F34 /* Symbolic */,
				D8CD4A8A28AC35C600D57F34 /* SymbolicTests */,
				D8CD4A9428AC35C600D57F34 /* SymbolicUITests */,
			);
		};
/* End PBXProject section */

/* Begin PBXResourcesBuildPhase section */
		D8CD4A7828AC35C300D57F34 /* Resources */ = {
			isa = PBXResourcesBuildPhase;
			buildActionMask = 2147483647;
			files = (
			);
			runOnlyForDeploymentPostprocessing = 0;
		};
		D8CD4A8928AC35C600D57F34 /* Resources */ = {
			isa = PBXResourcesBuildPhase;
			buildActionMask = 2147483647;
			files = (
				D8CCF72D297E8785006A1185 /* v1.symbolic in Resources */,
				D8CCF72B297E822A006A1185 /* v0.symbolic in Resources */,
				D8CCF72F297E8970006A1185 /* v1000.symbolic in Resources */,
			);
			runOnlyForDeploymentPostprocessing = 0;
		};
		D8CD4A9328AC35C600D57F34 /* Resources */ = {
			isa = PBXResourcesBuildPhase;
			buildActionMask = 2147483647;
			files = (
			);
			runOnlyForDeploymentPostprocessing = 0;
		};
/* End PBXResourcesBuildPhase section */

/* Begin PBXSourcesBuildPhase section */
		D8CD4A7628AC35C300D57F34 /* Sources */ = {
			isa = PBXSourcesBuildPhase;
			buildActionMask = 2147483647;
			files = (
			);
			runOnlyForDeploymentPostprocessing = 0;
		};
		D8CD4A8728AC35C600D57F34 /* Sources */ = {
			isa = PBXSourcesBuildPhase;
			buildActionMask = 2147483647;
			files = (
				D8CCF731297E9DB4006A1185 /* ExportTests.swift in Sources */,
				D8CCF728297E814D006A1185 /* FileTests.swift in Sources */,
				D8CCF734297EA3A8006A1185 /* XCTest.swift in Sources */,
				D8CD4A9028AC35C600D57F34 /* LibraryTests.swift in Sources */,
			);
			runOnlyForDeploymentPostprocessing = 0;
		};
		D8CD4A9128AC35C600D57F34 /* Sources */ = {
			isa = PBXSourcesBuildPhase;
			buildActionMask = 2147483647;
			files = (
			);
			runOnlyForDeploymentPostprocessing = 0;
		};
/* End PBXSourcesBuildPhase section */

/* Begin PBXTargetDependency section */
		D8CD4A8D28AC35C600D57F34 /* PBXTargetDependency */ = {
			isa = PBXTargetDependency;
			target = D8CD4A7928AC35C300D57F34 /* Symbolic */;
			targetProxy = D8CD4A8C28AC35C600D57F34 /* PBXContainerItemProxy */;
		};
		D8CD4A9728AC35C600D57F34 /* PBXTargetDependency */ = {
			isa = PBXTargetDependency;
			target = D8CD4A7928AC35C300D57F34 /* Symbolic */;
			targetProxy = D8CD4A9628AC35C600D57F34 /* PBXContainerItemProxy */;
		};
/* End PBXTargetDependency section */

/* Begin XCBuildConfiguration section */
		D8CD4A9D28AC35C600D57F34 /* Debug */ = {
			isa = XCBuildConfiguration;
			buildSettings = {
				ALWAYS_SEARCH_USER_PATHS = NO;
				ASSETCATALOG_COMPILER_GENERATE_SWIFT_ASSET_SYMBOL_EXTENSIONS = YES;
				CLANG_ANALYZER_NONNULL = YES;
				CLANG_ANALYZER_NUMBER_OBJECT_CONVERSION = YES_AGGRESSIVE;
				CLANG_CXX_LANGUAGE_STANDARD = "gnu++20";
				CLANG_ENABLE_MODULES = YES;
				CLANG_ENABLE_OBJC_ARC = YES;
				CLANG_ENABLE_OBJC_WEAK = YES;
				CLANG_WARN_BLOCK_CAPTURE_AUTORELEASING = YES;
				CLANG_WARN_BOOL_CONVERSION = YES;
				CLANG_WARN_COMMA = YES;
				CLANG_WARN_CONSTANT_CONVERSION = YES;
				CLANG_WARN_DEPRECATED_OBJC_IMPLEMENTATIONS = YES;
				CLANG_WARN_DIRECT_OBJC_ISA_USAGE = YES_ERROR;
				CLANG_WARN_DOCUMENTATION_COMMENTS = YES;
				CLANG_WARN_EMPTY_BODY = YES;
				CLANG_WARN_ENUM_CONVERSION = YES;
				CLANG_WARN_INFINITE_RECURSION = YES;
				CLANG_WARN_INT_CONVERSION = YES;
				CLANG_WARN_NON_LITERAL_NULL_CONVERSION = YES;
				CLANG_WARN_OBJC_IMPLICIT_RETAIN_SELF = YES;
				CLANG_WARN_OBJC_LITERAL_CONVERSION = YES;
				CLANG_WARN_OBJC_ROOT_CLASS = YES_ERROR;
				CLANG_WARN_QUOTED_INCLUDE_IN_FRAMEWORK_HEADER = YES;
				CLANG_WARN_RANGE_LOOP_ANALYSIS = YES;
				CLANG_WARN_STRICT_PROTOTYPES = YES;
				CLANG_WARN_SUSPICIOUS_MOVE = YES;
				CLANG_WARN_UNGUARDED_AVAILABILITY = YES_AGGRESSIVE;
				CLANG_WARN_UNREACHABLE_CODE = YES;
				CLANG_WARN__DUPLICATE_METHOD_MATCH = YES;
				COPY_PHASE_STRIP = NO;
				DEAD_CODE_STRIPPING = YES;
				DEBUG_INFORMATION_FORMAT = dwarf;
				ENABLE_STRICT_OBJC_MSGSEND = YES;
				ENABLE_TESTABILITY = YES;
				ENABLE_USER_SCRIPT_SANDBOXING = YES;
				GCC_C_LANGUAGE_STANDARD = gnu11;
				GCC_DYNAMIC_NO_PIC = NO;
				GCC_NO_COMMON_BLOCKS = YES;
				GCC_OPTIMIZATION_LEVEL = 0;
				GCC_PREPROCESSOR_DEFINITIONS = (
					"DEBUG=1",
					"$(inherited)",
				);
				GCC_WARN_64_TO_32_BIT_CONVERSION = YES;
				GCC_WARN_ABOUT_RETURN_TYPE = YES_ERROR;
				GCC_WARN_UNDECLARED_SELECTOR = YES;
				GCC_WARN_UNINITIALIZED_AUTOS = YES_AGGRESSIVE;
				GCC_WARN_UNUSED_FUNCTION = YES;
				GCC_WARN_UNUSED_VARIABLE = YES;
				MACOSX_DEPLOYMENT_TARGET = 14.0;
				MTL_ENABLE_DEBUG_INFO = INCLUDE_SOURCE;
				MTL_FAST_MATH = YES;
				ONLY_ACTIVE_ARCH = YES;
				SDKROOT = macosx;
				SWIFT_ACTIVE_COMPILATION_CONDITIONS = DEBUG;
				SWIFT_OPTIMIZATION_LEVEL = "-Onone";
			};
			name = Debug;
		};
		D8CD4A9E28AC35C600D57F34 /* Release */ = {
			isa = XCBuildConfiguration;
			buildSettings = {
				ALWAYS_SEARCH_USER_PATHS = NO;
				ASSETCATALOG_COMPILER_GENERATE_SWIFT_ASSET_SYMBOL_EXTENSIONS = YES;
				CLANG_ANALYZER_NONNULL = YES;
				CLANG_ANALYZER_NUMBER_OBJECT_CONVERSION = YES_AGGRESSIVE;
				CLANG_CXX_LANGUAGE_STANDARD = "gnu++20";
				CLANG_ENABLE_MODULES = YES;
				CLANG_ENABLE_OBJC_ARC = YES;
				CLANG_ENABLE_OBJC_WEAK = YES;
				CLANG_WARN_BLOCK_CAPTURE_AUTORELEASING = YES;
				CLANG_WARN_BOOL_CONVERSION = YES;
				CLANG_WARN_COMMA = YES;
				CLANG_WARN_CONSTANT_CONVERSION = YES;
				CLANG_WARN_DEPRECATED_OBJC_IMPLEMENTATIONS = YES;
				CLANG_WARN_DIRECT_OBJC_ISA_USAGE = YES_ERROR;
				CLANG_WARN_DOCUMENTATION_COMMENTS = YES;
				CLANG_WARN_EMPTY_BODY = YES;
				CLANG_WARN_ENUM_CONVERSION = YES;
				CLANG_WARN_INFINITE_RECURSION = YES;
				CLANG_WARN_INT_CONVERSION = YES;
				CLANG_WARN_NON_LITERAL_NULL_CONVERSION = YES;
				CLANG_WARN_OBJC_IMPLICIT_RETAIN_SELF = YES;
				CLANG_WARN_OBJC_LITERAL_CONVERSION = YES;
				CLANG_WARN_OBJC_ROOT_CLASS = YES_ERROR;
				CLANG_WARN_QUOTED_INCLUDE_IN_FRAMEWORK_HEADER = YES;
				CLANG_WARN_RANGE_LOOP_ANALYSIS = YES;
				CLANG_WARN_STRICT_PROTOTYPES = YES;
				CLANG_WARN_SUSPICIOUS_MOVE = YES;
				CLANG_WARN_UNGUARDED_AVAILABILITY = YES_AGGRESSIVE;
				CLANG_WARN_UNREACHABLE_CODE = YES;
				CLANG_WARN__DUPLICATE_METHOD_MATCH = YES;
				COPY_PHASE_STRIP = NO;
				DEAD_CODE_STRIPPING = YES;
				DEBUG_INFORMATION_FORMAT = "dwarf-with-dsym";
				ENABLE_NS_ASSERTIONS = NO;
				ENABLE_STRICT_OBJC_MSGSEND = YES;
				ENABLE_USER_SCRIPT_SANDBOXING = YES;
				GCC_C_LANGUAGE_STANDARD = gnu11;
				GCC_NO_COMMON_BLOCKS = YES;
				GCC_WARN_64_TO_32_BIT_CONVERSION = YES;
				GCC_WARN_ABOUT_RETURN_TYPE = YES_ERROR;
				GCC_WARN_UNDECLARED_SELECTOR = YES;
				GCC_WARN_UNINITIALIZED_AUTOS = YES_AGGRESSIVE;
				GCC_WARN_UNUSED_FUNCTION = YES;
				GCC_WARN_UNUSED_VARIABLE = YES;
				MACOSX_DEPLOYMENT_TARGET = 14.0;
				MTL_ENABLE_DEBUG_INFO = NO;
				MTL_FAST_MATH = YES;
				SDKROOT = macosx;
				SWIFT_COMPILATION_MODE = wholemodule;
				SWIFT_OPTIMIZATION_LEVEL = "-O";
			};
			name = Release;
		};
		D8CD4AA028AC35C600D57F34 /* Debug */ = {
			isa = XCBuildConfiguration;
			buildSettings = {
				ARCHS = "$(ARCHS_STANDARD)";
				ASSETCATALOG_COMPILER_APPICON_NAME = AppIcon;
				ASSETCATALOG_COMPILER_GLOBAL_ACCENT_COLOR_NAME = AccentColor;
				CODE_SIGN_ENTITLEMENTS = Symbolic/Symbolic.entitlements;
				CODE_SIGN_IDENTITY = "-";
				"CODE_SIGN_IDENTITY[sdk=macosx*]" = "Apple Development";
				CODE_SIGN_STYLE = Automatic;
				COMBINE_HIDPI_IMAGES = YES;
				CURRENT_PROJECT_VERSION = 1;
				DEAD_CODE_STRIPPING = YES;
				DEVELOPMENT_ASSET_PATHS = "\"Symbolic/Preview Content\"";
				DEVELOPMENT_TEAM = QS82QFHKWB;
				ENABLE_PREVIEWS = YES;
				GENERATE_INFOPLIST_FILE = YES;
				INFOPLIST_FILE = Symbolic/Info.plist;
				INFOPLIST_KEY_CFBundleDisplayName = Symbolic;
				INFOPLIST_KEY_LSApplicationCategoryType = "public.app-category.graphics-design";
				INFOPLIST_KEY_NSHumanReadableCopyright = "";
				LD_RUNPATH_SEARCH_PATHS = (
					"$(inherited)",
					"@executable_path/../Frameworks",
				);
				MARKETING_VERSION = 1.0;
				PRODUCT_BUNDLE_IDENTIFIER = app.symbolic.apps.appstore;
				PRODUCT_NAME = "$(TARGET_NAME)";
				SWIFT_EMIT_LOC_STRINGS = YES;
				SWIFT_VERSION = 5.0;
			};
			name = Debug;
		};
		D8CD4AA128AC35C600D57F34 /* Release */ = {
			isa = XCBuildConfiguration;
			buildSettings = {
				ARCHS = "$(ARCHS_STANDARD)";
				ASSETCATALOG_COMPILER_APPICON_NAME = AppIcon;
				ASSETCATALOG_COMPILER_GLOBAL_ACCENT_COLOR_NAME = AccentColor;
				CODE_SIGN_ENTITLEMENTS = Symbolic/Symbolic.entitlements;
				CODE_SIGN_IDENTITY = "-";
				"CODE_SIGN_IDENTITY[sdk=macosx*]" = "3rd Party Mac Developer Application";
				CODE_SIGN_STYLE = Manual;
				COMBINE_HIDPI_IMAGES = YES;
				CURRENT_PROJECT_VERSION = 1;
				DEAD_CODE_STRIPPING = YES;
				DEVELOPMENT_ASSET_PATHS = "\"Symbolic/Preview Content\"";
				DEVELOPMENT_TEAM = "";
				"DEVELOPMENT_TEAM[sdk=macosx*]" = QS82QFHKWB;
				ENABLE_PREVIEWS = YES;
				GENERATE_INFOPLIST_FILE = YES;
				INFOPLIST_FILE = Symbolic/Info.plist;
				INFOPLIST_KEY_CFBundleDisplayName = Symbolic;
				INFOPLIST_KEY_LSApplicationCategoryType = "public.app-category.graphics-design";
				INFOPLIST_KEY_NSHumanReadableCopyright = "";
				LD_RUNPATH_SEARCH_PATHS = (
					"$(inherited)",
					"@executable_path/../Frameworks",
				);
				MARKETING_VERSION = 1.0;
				PRODUCT_BUNDLE_IDENTIFIER = app.symbolic.apps.appstore;
				PRODUCT_NAME = "$(TARGET_NAME)";
				PROVISIONING_PROFILE_SPECIFIER = "";
				"PROVISIONING_PROFILE_SPECIFIER[sdk=macosx*]" = "Symbolic Mac App Store Profile";
				SWIFT_EMIT_LOC_STRINGS = YES;
				SWIFT_VERSION = 5.0;
			};
			name = Release;
		};
		D8CD4AA328AC35C600D57F34 /* Debug */ = {
			isa = XCBuildConfiguration;
			buildSettings = {
				BUNDLE_LOADER = "$(TEST_HOST)";
				CODE_SIGN_STYLE = Automatic;
				CURRENT_PROJECT_VERSION = 1;
				DEAD_CODE_STRIPPING = YES;
				GENERATE_INFOPLIST_FILE = YES;
				MARKETING_VERSION = 1.0;
				PRODUCT_BUNDLE_IDENTIFIER = app.symbolic.apps.appstore.tests;
				PRODUCT_NAME = "$(TARGET_NAME)";
				SWIFT_EMIT_LOC_STRINGS = NO;
				SWIFT_VERSION = 5.0;
				TEST_HOST = "$(BUILT_PRODUCTS_DIR)/Symbolic.app/$(BUNDLE_EXECUTABLE_FOLDER_PATH)/Symbolic";
			};
			name = Debug;
		};
		D8CD4AA428AC35C600D57F34 /* Release */ = {
			isa = XCBuildConfiguration;
			buildSettings = {
				BUNDLE_LOADER = "$(TEST_HOST)";
				CODE_SIGN_STYLE = Automatic;
				CURRENT_PROJECT_VERSION = 1;
				DEAD_CODE_STRIPPING = YES;
				GENERATE_INFOPLIST_FILE = YES;
				MARKETING_VERSION = 1.0;
				PRODUCT_BUNDLE_IDENTIFIER = app.symbolic.apps.appstore.tests;
				PRODUCT_NAME = "$(TARGET_NAME)";
				SWIFT_EMIT_LOC_STRINGS = NO;
				SWIFT_VERSION = 5.0;
				TEST_HOST = "$(BUILT_PRODUCTS_DIR)/Symbolic.app/$(BUNDLE_EXECUTABLE_FOLDER_PATH)/Symbolic";
			};
			name = Release;
		};
		D8CD4AA628AC35C600D57F34 /* Debug */ = {
			isa = XCBuildConfiguration;
			buildSettings = {
				CODE_SIGN_STYLE = Automatic;
				CURRENT_PROJECT_VERSION = 1;
				DEAD_CODE_STRIPPING = YES;
				GENERATE_INFOPLIST_FILE = YES;
				MARKETING_VERSION = 1.0;
				PRODUCT_BUNDLE_IDENTIFIER = app.symbolic.apps.appstore.uitests;
				PRODUCT_NAME = "$(TARGET_NAME)";
				SWIFT_EMIT_LOC_STRINGS = NO;
				SWIFT_VERSION = 5.0;
				TEST_TARGET_NAME = Symbolic;
			};
			name = Debug;
		};
		D8CD4AA728AC35C600D57F34 /* Release */ = {
			isa = XCBuildConfiguration;
			buildSettings = {
				CODE_SIGN_STYLE = Automatic;
				CURRENT_PROJECT_VERSION = 1;
				DEAD_CODE_STRIPPING = YES;
				GENERATE_INFOPLIST_FILE = YES;
				MARKETING_VERSION = 1.0;
				PRODUCT_BUNDLE_IDENTIFIER = app.symbolic.apps.appstore.uitests;
				PRODUCT_NAME = "$(TARGET_NAME)";
				SWIFT_EMIT_LOC_STRINGS = NO;
				SWIFT_VERSION = 5.0;
				TEST_TARGET_NAME = Symbolic;
			};
			name = Release;
		};
/* End XCBuildConfiguration section */

/* Begin XCConfigurationList section */
		D8CD4A7528AC35C300D57F34 /* Build configuration list for PBXProject "Symbolic" */ = {
			isa = XCConfigurationList;
			buildConfigurations = (
				D8CD4A9D28AC35C600D57F34 /* Debug */,
				D8CD4A9E28AC35C600D57F34 /* Release */,
			);
			defaultConfigurationIsVisible = 0;
			defaultConfigurationName = Release;
		};
		D8CD4A9F28AC35C600D57F34 /* Build configuration list for PBXNativeTarget "Symbolic" */ = {
			isa = XCConfigurationList;
			buildConfigurations = (
				D8CD4AA028AC35C600D57F34 /* Debug */,
				D8CD4AA128AC35C600D57F34 /* Release */,
			);
			defaultConfigurationIsVisible = 0;
			defaultConfigurationName = Release;
		};
		D8CD4AA228AC35C600D57F34 /* Build configuration list for PBXNativeTarget "SymbolicTests" */ = {
			isa = XCConfigurationList;
			buildConfigurations = (
				D8CD4AA328AC35C600D57F34 /* Debug */,
				D8CD4AA428AC35C600D57F34 /* Release */,
			);
			defaultConfigurationIsVisible = 0;
			defaultConfigurationName = Release;
		};
		D8CD4AA528AC35C600D57F34 /* Build configuration list for PBXNativeTarget "SymbolicUITests" */ = {
			isa = XCConfigurationList;
			buildConfigurations = (
				D8CD4AA628AC35C600D57F34 /* Debug */,
				D8CD4AA728AC35C600D57F34 /* Release */,
			);
			defaultConfigurationIsVisible = 0;
			defaultConfigurationName = Release;
		};
/* End XCConfigurationList section */

/* Begin XCLocalSwiftPackageReference section */
		D8F6ADD02CA74B0E0078416B /* XCLocalSwiftPackageReference "dependencies/diligence" */ = {
			isa = XCLocalSwiftPackageReference;
			relativePath = dependencies/diligence;
		};
		D8F6ADD12CA74B230078416B /* XCLocalSwiftPackageReference "dependencies/interact" */ = {
			isa = XCLocalSwiftPackageReference;
			relativePath = dependencies/interact;
		};
/* End XCLocalSwiftPackageReference section */

/* Begin XCRemoteSwiftPackageReference section */
		D831DD1A297319FC00C20B11 /* XCRemoteSwiftPackageReference "SwiftDraw" */ = {
			isa = XCRemoteSwiftPackageReference;
			repositoryURL = "https://github.com/swhitty/SwiftDraw.git";
			requirement = {
				kind = upToNextMajorVersion;
				minimumVersion = 0.9.6;
			};
		};
/* End XCRemoteSwiftPackageReference section */

/* Begin XCSwiftPackageProductDependency section */
		D831DD1B297319FC00C20B11 /* SwiftDraw */ = {
			isa = XCSwiftPackageProductDependency;
			package = D831DD1A297319FC00C20B11 /* XCRemoteSwiftPackageReference "SwiftDraw" */;
			productName = SwiftDraw;
		};
		D864A2392965A2D1008A4261 /* Interact */ = {
			isa = XCSwiftPackageProductDependency;
			productName = Interact;
		};
		D8F99EC528B13998007C3868 /* Diligence */ = {
			isa = XCSwiftPackageProductDependency;
			productName = Diligence;
		};
/* End XCSwiftPackageProductDependency section */
	};
	rootObject = D8CD4A7228AC35C300D57F34 /* Project object */;
}
