// !$*UTF8*$!
{
	archiveVersion = 1;
	classes = {
	};
	objectVersion = 56;
	objects = {

/* Begin PBXBuildFile section */
		D821B9E028ACDB6000504AA4 /* View.swift in Sources */ = {isa = PBXBuildFile; fileRef = D821B9DF28ACDB6000504AA4 /* View.swift */; };
		D821B9E428ACDBA800504AA4 /* IconView.swift in Sources */ = {isa = PBXBuildFile; fileRef = D821B9E328ACDBA800504AA4 /* IconView.swift */; };
		D821B9E828ACDBE000504AA4 /* Icon.swift in Sources */ = {isa = PBXBuildFile; fileRef = D821B9E728ACDBE000504AA4 /* Icon.swift */; };
		D821B9EA28ACDBF700504AA4 /* String.swift in Sources */ = {isa = PBXBuildFile; fileRef = D821B9E928ACDBF700504AA4 /* String.swift */; };
		D821B9EC28ACDC2600504AA4 /* IconCorners.swift in Sources */ = {isa = PBXBuildFile; fileRef = D821B9EB28ACDC2600504AA4 /* IconCorners.swift */; };
		D821B9EE28ACDC6F00504AA4 /* SymbolPicker.swift in Sources */ = {isa = PBXBuildFile; fileRef = D821B9ED28ACDC6F00504AA4 /* SymbolPicker.swift */; };
		D82B249B2915D8540093B073 /* symbolic-license in Resources */ = {isa = PBXBuildFile; fileRef = D82B249A2915D8540093B073 /* symbolic-license */; };
		D83970E228B0B45300282EE8 /* Color.swift in Sources */ = {isa = PBXBuildFile; fileRef = D83970E128B0B45300282EE8 /* Color.swift */; };
		D83970E528B11F5200282EE8 /* SymbolicError.swift in Sources */ = {isa = PBXBuildFile; fileRef = D83970E428B11F5200282EE8 /* SymbolicError.swift */; };
		D83970E728B132C700282EE8 /* UnityScaleWindow.swift in Sources */ = {isa = PBXBuildFile; fileRef = D83970E628B132C700282EE8 /* UnityScaleWindow.swift */; };
		D83970E928B1340900282EE8 /* DeviceType.swift in Sources */ = {isa = PBXBuildFile; fileRef = D83970E828B1340900282EE8 /* DeviceType.swift */; };
		D84868E8296ACC58009FDF32 /* Header.swift in Sources */ = {isa = PBXBuildFile; fileRef = D84868E7296ACC58009FDF32 /* Header.swift */; };
		D84868EA296ACC8B009FDF32 /* IconSetView.swift in Sources */ = {isa = PBXBuildFile; fileRef = D84868E9296ACC8B009FDF32 /* IconSetView.swift */; };
		D84868EC296AE437009FDF32 /* IconSet.swift in Sources */ = {isa = PBXBuildFile; fileRef = D84868EB296AE437009FDF32 /* IconSet.swift */; };
		D84868EE296AE486009FDF32 /* IconDefinition.swift in Sources */ = {isa = PBXBuildFile; fileRef = D84868ED296AE486009FDF32 /* IconDefinition.swift */; };
		D84868F0296AE616009FDF32 /* IconSection.swift in Sources */ = {isa = PBXBuildFile; fileRef = D84868EF296AE616009FDF32 /* IconSection.swift */; };
		D864A23A2965A2D1008A4261 /* Interact in Frameworks */ = {isa = PBXBuildFile; productRef = D864A2392965A2D1008A4261 /* Interact */; };
		D864A23C2965E239008A4261 /* MacIconView.swift in Sources */ = {isa = PBXBuildFile; fileRef = D864A23B2965E239008A4261 /* MacIconView.swift */; };
		D86B0ECF291BEF7400352367 /* IconDocument.swift in Sources */ = {isa = PBXBuildFile; fileRef = D86B0ECE291BEF7400352367 /* IconDocument.swift */; };
		D86B0ED1291BEFC100352367 /* UTType.swift in Sources */ = {isa = PBXBuildFile; fileRef = D86B0ED0291BEFC100352367 /* UTType.swift */; };
		D8B61308293BB81100F29E0C /* AboutCommands.swift in Sources */ = {isa = PBXBuildFile; fileRef = D8B61307293BB81100F29E0C /* AboutCommands.swift */; };
		D8B6130A293BB98100F29E0C /* ApplicationModel.swift in Sources */ = {isa = PBXBuildFile; fileRef = D8B61309293BB98100F29E0C /* ApplicationModel.swift */; };
		D8CD4A7E28AC35C300D57F34 /* SymbolicApp.swift in Sources */ = {isa = PBXBuildFile; fileRef = D8CD4A7D28AC35C300D57F34 /* SymbolicApp.swift */; };
		D8CD4A8028AC35C300D57F34 /* ContentView.swift in Sources */ = {isa = PBXBuildFile; fileRef = D8CD4A7F28AC35C300D57F34 /* ContentView.swift */; };
		D8CD4A8228AC35C600D57F34 /* Assets.xcassets in Resources */ = {isa = PBXBuildFile; fileRef = D8CD4A8128AC35C600D57F34 /* Assets.xcassets */; };
		D8CD4A8528AC35C600D57F34 /* Preview Assets.xcassets in Resources */ = {isa = PBXBuildFile; fileRef = D8CD4A8428AC35C600D57F34 /* Preview Assets.xcassets */; };
		D8CD4A9028AC35C600D57F34 /* SymbolicTests.swift in Sources */ = {isa = PBXBuildFile; fileRef = D8CD4A8F28AC35C600D57F34 /* SymbolicTests.swift */; };
		D8CD4A9A28AC35C600D57F34 /* SymbolicUITests.swift in Sources */ = {isa = PBXBuildFile; fileRef = D8CD4A9928AC35C600D57F34 /* SymbolicUITests.swift */; };
		D8CD4A9C28AC35C600D57F34 /* SymbolicUITestsLaunchTests.swift in Sources */ = {isa = PBXBuildFile; fileRef = D8CD4A9B28AC35C600D57F34 /* SymbolicUITestsLaunchTests.swift */; };
		D8D9731128ACF8D2006CBF15 /* ExportToolbar.swift in Sources */ = {isa = PBXBuildFile; fileRef = D8D9731028ACF8D2006CBF15 /* ExportToolbar.swift */; };
		D8D9731428ACFC1B006CBF15 /* ShowSavePanelKey.swift in Sources */ = {isa = PBXBuildFile; fileRef = D8D9731328ACFC1B006CBF15 /* ShowSavePanelKey.swift */; };
		D8F6317428AC7D7A00DFEED0 /* SFSymbols.swift in Sources */ = {isa = PBXBuildFile; fileRef = D8F6317328AC7D7A00DFEED0 /* SFSymbols.swift */; };
		D8F6317628AC85C600DFEED0 /* SymbolPickerModel.swift in Sources */ = {isa = PBXBuildFile; fileRef = D8F6317528AC85C600DFEED0 /* SymbolPickerModel.swift */; };
		D8F99EC328B13955007C3868 /* diligence-license in Resources */ = {isa = PBXBuildFile; fileRef = D8F99EC228B13955007C3868 /* diligence-license */; };
		D8F99EC628B13998007C3868 /* Diligence in Frameworks */ = {isa = PBXBuildFile; productRef = D8F99EC528B13998007C3868 /* Diligence */; };
/* End PBXBuildFile section */

/* Begin PBXContainerItemProxy section */
		D8CD4A8C28AC35C600D57F34 /* PBXContainerItemProxy */ = {
			isa = PBXContainerItemProxy;
			containerPortal = D8CD4A7228AC35C300D57F34 /* Project object */;
			proxyType = 1;
			remoteGlobalIDString = D8CD4A7928AC35C300D57F34;
			remoteInfo = Iconify;
		};
		D8CD4A9628AC35C600D57F34 /* PBXContainerItemProxy */ = {
			isa = PBXContainerItemProxy;
			containerPortal = D8CD4A7228AC35C300D57F34 /* Project object */;
			proxyType = 1;
			remoteGlobalIDString = D8CD4A7928AC35C300D57F34;
			remoteInfo = Iconify;
		};
/* End PBXContainerItemProxy section */

/* Begin PBXFileReference section */
		D821B9DF28ACDB6000504AA4 /* View.swift */ = {isa = PBXFileReference; lastKnownFileType = sourcecode.swift; path = View.swift; sourceTree = "<group>"; };
		D821B9E328ACDBA800504AA4 /* IconView.swift */ = {isa = PBXFileReference; lastKnownFileType = sourcecode.swift; path = IconView.swift; sourceTree = "<group>"; };
		D821B9E728ACDBE000504AA4 /* Icon.swift */ = {isa = PBXFileReference; lastKnownFileType = sourcecode.swift; path = Icon.swift; sourceTree = "<group>"; };
		D821B9E928ACDBF700504AA4 /* String.swift */ = {isa = PBXFileReference; lastKnownFileType = sourcecode.swift; path = String.swift; sourceTree = "<group>"; };
		D821B9EB28ACDC2600504AA4 /* IconCorners.swift */ = {isa = PBXFileReference; lastKnownFileType = sourcecode.swift; path = IconCorners.swift; sourceTree = "<group>"; };
		D821B9ED28ACDC6F00504AA4 /* SymbolPicker.swift */ = {isa = PBXFileReference; lastKnownFileType = sourcecode.swift; path = SymbolPicker.swift; sourceTree = "<group>"; };
		D82B249A2915D8540093B073 /* symbolic-license */ = {isa = PBXFileReference; lastKnownFileType = text; path = "symbolic-license"; sourceTree = "<group>"; };
		D83970E128B0B45300282EE8 /* Color.swift */ = {isa = PBXFileReference; lastKnownFileType = sourcecode.swift; path = Color.swift; sourceTree = "<group>"; };
		D83970E328B0B61700282EE8 /* Info.plist */ = {isa = PBXFileReference; lastKnownFileType = text.plist; path = Info.plist; sourceTree = "<group>"; };
		D83970E428B11F5200282EE8 /* SymbolicError.swift */ = {isa = PBXFileReference; lastKnownFileType = sourcecode.swift; path = SymbolicError.swift; sourceTree = "<group>"; };
		D83970E628B132C700282EE8 /* UnityScaleWindow.swift */ = {isa = PBXFileReference; lastKnownFileType = sourcecode.swift; path = UnityScaleWindow.swift; sourceTree = "<group>"; };
		D83970E828B1340900282EE8 /* DeviceType.swift */ = {isa = PBXFileReference; lastKnownFileType = sourcecode.swift; path = DeviceType.swift; sourceTree = "<group>"; };
		D84868E7296ACC58009FDF32 /* Header.swift */ = {isa = PBXFileReference; lastKnownFileType = sourcecode.swift; path = Header.swift; sourceTree = "<group>"; };
		D84868E9296ACC8B009FDF32 /* IconSetView.swift */ = {isa = PBXFileReference; lastKnownFileType = sourcecode.swift; path = IconSetView.swift; sourceTree = "<group>"; };
		D84868EB296AE437009FDF32 /* IconSet.swift */ = {isa = PBXFileReference; lastKnownFileType = sourcecode.swift; path = IconSet.swift; sourceTree = "<group>"; };
		D84868ED296AE486009FDF32 /* IconDefinition.swift */ = {isa = PBXFileReference; lastKnownFileType = sourcecode.swift; path = IconDefinition.swift; sourceTree = "<group>"; };
		D84868EF296AE616009FDF32 /* IconSection.swift */ = {isa = PBXFileReference; lastKnownFileType = sourcecode.swift; path = IconSection.swift; sourceTree = "<group>"; };
		D864A2382965999C008A4261 /* interact */ = {isa = PBXFileReference; lastKnownFileType = wrapper; path = interact; sourceTree = "<group>"; };
		D864A23B2965E239008A4261 /* MacIconView.swift */ = {isa = PBXFileReference; lastKnownFileType = sourcecode.swift; path = MacIconView.swift; sourceTree = "<group>"; };
		D86B0ECE291BEF7400352367 /* IconDocument.swift */ = {isa = PBXFileReference; lastKnownFileType = sourcecode.swift; path = IconDocument.swift; sourceTree = "<group>"; };
		D86B0ED0291BEFC100352367 /* UTType.swift */ = {isa = PBXFileReference; lastKnownFileType = sourcecode.swift; path = UTType.swift; sourceTree = "<group>"; };
		D8B61307293BB81100F29E0C /* AboutCommands.swift */ = {isa = PBXFileReference; lastKnownFileType = sourcecode.swift; path = AboutCommands.swift; sourceTree = "<group>"; };
		D8B61309293BB98100F29E0C /* ApplicationModel.swift */ = {isa = PBXFileReference; lastKnownFileType = sourcecode.swift; path = ApplicationModel.swift; sourceTree = "<group>"; };
		D8CD4A7A28AC35C300D57F34 /* Symbolic.app */ = {isa = PBXFileReference; explicitFileType = wrapper.application; includeInIndex = 0; path = Symbolic.app; sourceTree = BUILT_PRODUCTS_DIR; };
		D8CD4A7D28AC35C300D57F34 /* SymbolicApp.swift */ = {isa = PBXFileReference; lastKnownFileType = sourcecode.swift; path = SymbolicApp.swift; sourceTree = "<group>"; };
		D8CD4A7F28AC35C300D57F34 /* ContentView.swift */ = {isa = PBXFileReference; lastKnownFileType = sourcecode.swift; path = ContentView.swift; sourceTree = "<group>"; };
		D8CD4A8128AC35C600D57F34 /* Assets.xcassets */ = {isa = PBXFileReference; lastKnownFileType = folder.assetcatalog; path = Assets.xcassets; sourceTree = "<group>"; };
		D8CD4A8428AC35C600D57F34 /* Preview Assets.xcassets */ = {isa = PBXFileReference; lastKnownFileType = folder.assetcatalog; path = "Preview Assets.xcassets"; sourceTree = "<group>"; };
		D8CD4A8628AC35C600D57F34 /* Symbolic.entitlements */ = {isa = PBXFileReference; lastKnownFileType = text.plist.entitlements; path = Symbolic.entitlements; sourceTree = "<group>"; };
		D8CD4A8B28AC35C600D57F34 /* SymbolicTests.xctest */ = {isa = PBXFileReference; explicitFileType = wrapper.cfbundle; includeInIndex = 0; path = SymbolicTests.xctest; sourceTree = BUILT_PRODUCTS_DIR; };
		D8CD4A8F28AC35C600D57F34 /* SymbolicTests.swift */ = {isa = PBXFileReference; lastKnownFileType = sourcecode.swift; path = SymbolicTests.swift; sourceTree = "<group>"; };
		D8CD4A9528AC35C600D57F34 /* SymbolicUITests.xctest */ = {isa = PBXFileReference; explicitFileType = wrapper.cfbundle; includeInIndex = 0; path = SymbolicUITests.xctest; sourceTree = BUILT_PRODUCTS_DIR; };
		D8CD4A9928AC35C600D57F34 /* SymbolicUITests.swift */ = {isa = PBXFileReference; lastKnownFileType = sourcecode.swift; path = SymbolicUITests.swift; sourceTree = "<group>"; };
		D8CD4A9B28AC35C600D57F34 /* SymbolicUITestsLaunchTests.swift */ = {isa = PBXFileReference; lastKnownFileType = sourcecode.swift; path = SymbolicUITestsLaunchTests.swift; sourceTree = "<group>"; };
		D8D9731028ACF8D2006CBF15 /* ExportToolbar.swift */ = {isa = PBXFileReference; lastKnownFileType = sourcecode.swift; path = ExportToolbar.swift; sourceTree = "<group>"; };
		D8D9731328ACFC1B006CBF15 /* ShowSavePanelKey.swift */ = {isa = PBXFileReference; lastKnownFileType = sourcecode.swift; path = ShowSavePanelKey.swift; sourceTree = "<group>"; };
		D8F6317328AC7D7A00DFEED0 /* SFSymbols.swift */ = {isa = PBXFileReference; lastKnownFileType = sourcecode.swift; path = SFSymbols.swift; sourceTree = "<group>"; };
		D8F6317528AC85C600DFEED0 /* SymbolPickerModel.swift */ = {isa = PBXFileReference; lastKnownFileType = sourcecode.swift; path = SymbolPickerModel.swift; sourceTree = "<group>"; };
		D8F99EC028B138FE007C3868 /* diligence */ = {isa = PBXFileReference; lastKnownFileType = wrapper; path = diligence; sourceTree = "<group>"; };
		D8F99EC228B13955007C3868 /* diligence-license */ = {isa = PBXFileReference; lastKnownFileType = text; path = "diligence-license"; sourceTree = "<group>"; };
/* End PBXFileReference section */

/* Begin PBXFrameworksBuildPhase section */
		D8CD4A7728AC35C300D57F34 /* Frameworks */ = {
			isa = PBXFrameworksBuildPhase;
			buildActionMask = 2147483647;
			files = (
				D864A23A2965A2D1008A4261 /* Interact in Frameworks */,
				D8F99EC628B13998007C3868 /* Diligence in Frameworks */,
			);
			runOnlyForDeploymentPostprocessing = 0;
		};
		D8CD4A8828AC35C600D57F34 /* Frameworks */ = {
			isa = PBXFrameworksBuildPhase;
			buildActionMask = 2147483647;
			files = (
			);
			runOnlyForDeploymentPostprocessing = 0;
		};
		D8CD4A9228AC35C600D57F34 /* Frameworks */ = {
			isa = PBXFrameworksBuildPhase;
			buildActionMask = 2147483647;
			files = (
			);
			runOnlyForDeploymentPostprocessing = 0;
		};
/* End PBXFrameworksBuildPhase section */

/* Begin PBXGroup section */
		D821B9DE28ACDB5500504AA4 /* Extensions */ = {
			isa = PBXGroup;
			children = (
				D83970E128B0B45300282EE8 /* Color.swift */,
				D821B9E928ACDBF700504AA4 /* String.swift */,
				D86B0ED0291BEFC100352367 /* UTType.swift */,
				D821B9DF28ACDB6000504AA4 /* View.swift */,
			);
			path = Extensions;
			sourceTree = "<group>";
		};
		D821B9E528ACDBC300504AA4 /* Models */ = {
			isa = PBXGroup;
			children = (
				D8B61309293BB98100F29E0C /* ApplicationModel.swift */,
				D83970E828B1340900282EE8 /* DeviceType.swift */,
				D821B9E728ACDBE000504AA4 /* Icon.swift */,
				D84868ED296AE486009FDF32 /* IconDefinition.swift */,
				D86B0ECE291BEF7400352367 /* IconDocument.swift */,
				D84868EB296AE437009FDF32 /* IconSet.swift */,
				D83970E428B11F5200282EE8 /* SymbolicError.swift */,
				D8F6317528AC85C600DFEED0 /* SymbolPickerModel.swift */,
				D84868EF296AE616009FDF32 /* IconSection.swift */,
			);
			path = Models;
			sourceTree = "<group>";
		};
		D821B9E628ACDBCB00504AA4 /* Views */ = {
			isa = PBXGroup;
			children = (
				D8CD4A7F28AC35C300D57F34 /* ContentView.swift */,
				D821B9EB28ACDC2600504AA4 /* IconCorners.swift */,
				D821B9E328ACDBA800504AA4 /* IconView.swift */,
				D864A23B2965E239008A4261 /* MacIconView.swift */,
				D821B9ED28ACDC6F00504AA4 /* SymbolPicker.swift */,
				D83970E628B132C700282EE8 /* UnityScaleWindow.swift */,
				D84868E7296ACC58009FDF32 /* Header.swift */,
				D84868E9296ACC8B009FDF32 /* IconSetView.swift */,
			);
			path = Views;
			sourceTree = "<group>";
		};
		D821B9EF28ACF0A900504AA4 /* Utilities */ = {
			isa = PBXGroup;
			children = (
				D8F6317328AC7D7A00DFEED0 /* SFSymbols.swift */,
			);
			path = Utilities;
			sourceTree = "<group>";
		};
		D8B61306293BB7FF00F29E0C /* Commands */ = {
			isa = PBXGroup;
			children = (
				D8B61307293BB81100F29E0C /* AboutCommands.swift */,
			);
			path = Commands;
			sourceTree = "<group>";
		};
		D8CD4A7128AC35C300D57F34 = {
			isa = PBXGroup;
			children = (
				D8F99EBF28B138FE007C3868 /* Packages */,
				D8CD4A7C28AC35C300D57F34 /* Symbolic */,
				D8CD4A8E28AC35C600D57F34 /* SymbolicTests */,
				D8CD4A9828AC35C600D57F34 /* SymbolicUITests */,
				D8CD4A7B28AC35C300D57F34 /* Products */,
				D8F99EC428B13998007C3868 /* Frameworks */,
			);
			sourceTree = "<group>";
		};
		D8CD4A7B28AC35C300D57F34 /* Products */ = {
			isa = PBXGroup;
			children = (
				D8CD4A7A28AC35C300D57F34 /* Symbolic.app */,
				D8CD4A8B28AC35C600D57F34 /* SymbolicTests.xctest */,
				D8CD4A9528AC35C600D57F34 /* SymbolicUITests.xctest */,
			);
			name = Products;
			sourceTree = "<group>";
		};
		D8CD4A7C28AC35C300D57F34 /* Symbolic */ = {
			isa = PBXGroup;
			children = (
				D8CD4A8628AC35C600D57F34 /* Symbolic.entitlements */,
				D83970E328B0B61700282EE8 /* Info.plist */,
				D8CD4A7D28AC35C300D57F34 /* SymbolicApp.swift */,
				D8CD4A8128AC35C600D57F34 /* Assets.xcassets */,
				D8B61306293BB7FF00F29E0C /* Commands */,
				D8D9731228ACFBFA006CBF15 /* Environment */,
				D821B9DE28ACDB5500504AA4 /* Extensions */,
				D8F99EC128B13946007C3868 /* Licenses */,
				D821B9E528ACDBC300504AA4 /* Models */,
				D8CD4A8328AC35C600D57F34 /* Preview Content */,
				D8D9730F28ACF8BA006CBF15 /* Toolbars */,
				D821B9EF28ACF0A900504AA4 /* Utilities */,
				D821B9E628ACDBCB00504AA4 /* Views */,
			);
			path = Symbolic;
			sourceTree = "<group>";
		};
		D8CD4A8328AC35C600D57F34 /* Preview Content */ = {
			isa = PBXGroup;
			children = (
				D8CD4A8428AC35C600D57F34 /* Preview Assets.xcassets */,
			);
			path = "Preview Content";
			sourceTree = "<group>";
		};
		D8CD4A8E28AC35C600D57F34 /* SymbolicTests */ = {
			isa = PBXGroup;
			children = (
				D8CD4A8F28AC35C600D57F34 /* SymbolicTests.swift */,
			);
			path = SymbolicTests;
			sourceTree = "<group>";
		};
		D8CD4A9828AC35C600D57F34 /* SymbolicUITests */ = {
			isa = PBXGroup;
			children = (
				D8CD4A9928AC35C600D57F34 /* SymbolicUITests.swift */,
				D8CD4A9B28AC35C600D57F34 /* SymbolicUITestsLaunchTests.swift */,
			);
			path = SymbolicUITests;
			sourceTree = "<group>";
		};
		D8D9730F28ACF8BA006CBF15 /* Toolbars */ = {
			isa = PBXGroup;
			children = (
				D8D9731028ACF8D2006CBF15 /* ExportToolbar.swift */,
			);
			path = Toolbars;
			sourceTree = "<group>";
		};
		D8D9731228ACFBFA006CBF15 /* Environment */ = {
			isa = PBXGroup;
			children = (
				D8D9731328ACFC1B006CBF15 /* ShowSavePanelKey.swift */,
			);
			path = Environment;
			sourceTree = "<group>";
		};
		D8F99EBF28B138FE007C3868 /* Packages */ = {
			isa = PBXGroup;
			children = (
				D8F99EC028B138FE007C3868 /* diligence */,
				D864A2382965999C008A4261 /* interact */,
			);
			name = Packages;
			sourceTree = "<group>";
		};
		D8F99EC128B13946007C3868 /* Licenses */ = {
			isa = PBXGroup;
			children = (
				D8F99EC228B13955007C3868 /* diligence-license */,
				D82B249A2915D8540093B073 /* symbolic-license */,
			);
			path = Licenses;
			sourceTree = "<group>";
		};
		D8F99EC428B13998007C3868 /* Frameworks */ = {
			isa = PBXGroup;
			children = (
			);
			name = Frameworks;
			sourceTree = "<group>";
		};
/* End PBXGroup section */

/* Begin PBXNativeTarget section */
		D8CD4A7928AC35C300D57F34 /* Symbolic */ = {
			isa = PBXNativeTarget;
			buildConfigurationList = D8CD4A9F28AC35C600D57F34 /* Build configuration list for PBXNativeTarget "Symbolic" */;
			buildPhases = (
				D8CD4A7628AC35C300D57F34 /* Sources */,
				D8CD4A7728AC35C300D57F34 /* Frameworks */,
				D8CD4A7828AC35C300D57F34 /* Resources */,
			);
			buildRules = (
			);
			dependencies = (
			);
			name = Symbolic;
			packageProductDependencies = (
				D8F99EC528B13998007C3868 /* Diligence */,
				D864A2392965A2D1008A4261 /* Interact */,
			);
			productName = Iconify;
			productReference = D8CD4A7A28AC35C300D57F34 /* Symbolic.app */;
			productType = "com.apple.product-type.application";
		};
		D8CD4A8A28AC35C600D57F34 /* SymbolicTests */ = {
			isa = PBXNativeTarget;
			buildConfigurationList = D8CD4AA228AC35C600D57F34 /* Build configuration list for PBXNativeTarget "SymbolicTests" */;
			buildPhases = (
				D8CD4A8728AC35C600D57F34 /* Sources */,
				D8CD4A8828AC35C600D57F34 /* Frameworks */,
				D8CD4A8928AC35C600D57F34 /* Resources */,
			);
			buildRules = (
			);
			dependencies = (
				D8CD4A8D28AC35C600D57F34 /* PBXTargetDependency */,
			);
			name = SymbolicTests;
			productName = IconifyTests;
			productReference = D8CD4A8B28AC35C600D57F34 /* SymbolicTests.xctest */;
			productType = "com.apple.product-type.bundle.unit-test";
		};
		D8CD4A9428AC35C600D57F34 /* SymbolicUITests */ = {
			isa = PBXNativeTarget;
			buildConfigurationList = D8CD4AA528AC35C600D57F34 /* Build configuration list for PBXNativeTarget "SymbolicUITests" */;
			buildPhases = (
				D8CD4A9128AC35C600D57F34 /* Sources */,
				D8CD4A9228AC35C600D57F34 /* Frameworks */,
				D8CD4A9328AC35C600D57F34 /* Resources */,
			);
			buildRules = (
			);
			dependencies = (
				D8CD4A9728AC35C600D57F34 /* PBXTargetDependency */,
			);
			name = SymbolicUITests;
			productName = IconifyUITests;
			productReference = D8CD4A9528AC35C600D57F34 /* SymbolicUITests.xctest */;
			productType = "com.apple.product-type.bundle.ui-testing";
		};
/* End PBXNativeTarget section */

/* Begin PBXProject section */
		D8CD4A7228AC35C300D57F34 /* Project object */ = {
			isa = PBXProject;
			attributes = {
				BuildIndependentTargetsInParallel = 1;
				LastSwiftUpdateCheck = 1400;
				LastUpgradeCheck = 1410;
				TargetAttributes = {
					D8CD4A7928AC35C300D57F34 = {
						CreatedOnToolsVersion = 14.0;
					};
					D8CD4A8A28AC35C600D57F34 = {
						CreatedOnToolsVersion = 14.0;
						TestTargetID = D8CD4A7928AC35C300D57F34;
					};
					D8CD4A9428AC35C600D57F34 = {
						CreatedOnToolsVersion = 14.0;
						TestTargetID = D8CD4A7928AC35C300D57F34;
					};
				};
			};
			buildConfigurationList = D8CD4A7528AC35C300D57F34 /* Build configuration list for PBXProject "Symbolic" */;
			compatibilityVersion = "Xcode 14.0";
			developmentRegion = en;
			hasScannedForEncodings = 0;
			knownRegions = (
				en,
				Base,
			);
			mainGroup = D8CD4A7128AC35C300D57F34;
			productRefGroup = D8CD4A7B28AC35C300D57F34 /* Products */;
			projectDirPath = "";
			projectRoot = "";
			targets = (
				D8CD4A7928AC35C300D57F34 /* Symbolic */,
				D8CD4A8A28AC35C600D57F34 /* SymbolicTests */,
				D8CD4A9428AC35C600D57F34 /* SymbolicUITests */,
			);
		};
/* End PBXProject section */

/* Begin PBXResourcesBuildPhase section */
		D8CD4A7828AC35C300D57F34 /* Resources */ = {
			isa = PBXResourcesBuildPhase;
			buildActionMask = 2147483647;
			files = (
				D8CD4A8528AC35C600D57F34 /* Preview Assets.xcassets in Resources */,
				D8F99EC328B13955007C3868 /* diligence-license in Resources */,
				D82B249B2915D8540093B073 /* symbolic-license in Resources */,
				D8CD4A8228AC35C600D57F34 /* Assets.xcassets in Resources */,
			);
			runOnlyForDeploymentPostprocessing = 0;
		};
		D8CD4A8928AC35C600D57F34 /* Resources */ = {
			isa = PBXResourcesBuildPhase;
			buildActionMask = 2147483647;
			files = (
			);
			runOnlyForDeploymentPostprocessing = 0;
		};
		D8CD4A9328AC35C600D57F34 /* Resources */ = {
			isa = PBXResourcesBuildPhase;
			buildActionMask = 2147483647;
			files = (
			);
			runOnlyForDeploymentPostprocessing = 0;
		};
/* End PBXResourcesBuildPhase section */

/* Begin PBXSourcesBuildPhase section */
		D8CD4A7628AC35C300D57F34 /* Sources */ = {
			isa = PBXSourcesBuildPhase;
			buildActionMask = 2147483647;
			files = (
				D821B9E828ACDBE000504AA4 /* Icon.swift in Sources */,
				D821B9EC28ACDC2600504AA4 /* IconCorners.swift in Sources */,
				D821B9EE28ACDC6F00504AA4 /* SymbolPicker.swift in Sources */,
				D8B61308293BB81100F29E0C /* AboutCommands.swift in Sources */,
				D84868F0296AE616009FDF32 /* IconSection.swift in Sources */,
				D8F6317428AC7D7A00DFEED0 /* SFSymbols.swift in Sources */,
				D83970E928B1340900282EE8 /* DeviceType.swift in Sources */,
				D83970E528B11F5200282EE8 /* SymbolicError.swift in Sources */,
				D86B0ED1291BEFC100352367 /* UTType.swift in Sources */,
				D8CD4A8028AC35C300D57F34 /* ContentView.swift in Sources */,
				D84868EE296AE486009FDF32 /* IconDefinition.swift in Sources */,
				D8D9731428ACFC1B006CBF15 /* ShowSavePanelKey.swift in Sources */,
				D821B9EA28ACDBF700504AA4 /* String.swift in Sources */,
				D821B9E428ACDBA800504AA4 /* IconView.swift in Sources */,
				D8D9731128ACF8D2006CBF15 /* ExportToolbar.swift in Sources */,
				D83970E728B132C700282EE8 /* UnityScaleWindow.swift in Sources */,
				D83970E228B0B45300282EE8 /* Color.swift in Sources */,
				D84868EA296ACC8B009FDF32 /* IconSetView.swift in Sources */,
				D821B9E028ACDB6000504AA4 /* View.swift in Sources */,
				D84868E8296ACC58009FDF32 /* Header.swift in Sources */,
				D8CD4A7E28AC35C300D57F34 /* SymbolicApp.swift in Sources */,
				D8B6130A293BB98100F29E0C /* ApplicationModel.swift in Sources */,
				D864A23C2965E239008A4261 /* MacIconView.swift in Sources */,
				D84868EC296AE437009FDF32 /* IconSet.swift in Sources */,
				D86B0ECF291BEF7400352367 /* IconDocument.swift in Sources */,
				D8F6317628AC85C600DFEED0 /* SymbolPickerModel.swift in Sources */,
			);
			runOnlyForDeploymentPostprocessing = 0;
		};
		D8CD4A8728AC35C600D57F34 /* Sources */ = {
			isa = PBXSourcesBuildPhase;
			buildActionMask = 2147483647;
			files = (
				D8CD4A9028AC35C600D57F34 /* SymbolicTests.swift in Sources */,
			);
			runOnlyForDeploymentPostprocessing = 0;
		};
		D8CD4A9128AC35C600D57F34 /* Sources */ = {
			isa = PBXSourcesBuildPhase;
			buildActionMask = 2147483647;
			files = (
				D8CD4A9C28AC35C600D57F34 /* SymbolicUITestsLaunchTests.swift in Sources */,
				D8CD4A9A28AC35C600D57F34 /* SymbolicUITests.swift in Sources */,
			);
			runOnlyForDeploymentPostprocessing = 0;
		};
/* End PBXSourcesBuildPhase section */

/* Begin PBXTargetDependency section */
		D8CD4A8D28AC35C600D57F34 /* PBXTargetDependency */ = {
			isa = PBXTargetDependency;
			target = D8CD4A7928AC35C300D57F34 /* Symbolic */;
			targetProxy = D8CD4A8C28AC35C600D57F34 /* PBXContainerItemProxy */;
		};
		D8CD4A9728AC35C600D57F34 /* PBXTargetDependency */ = {
			isa = PBXTargetDependency;
			target = D8CD4A7928AC35C300D57F34 /* Symbolic */;
			targetProxy = D8CD4A9628AC35C600D57F34 /* PBXContainerItemProxy */;
		};
/* End PBXTargetDependency section */

/* Begin XCBuildConfiguration section */
		D8CD4A9D28AC35C600D57F34 /* Debug */ = {
			isa = XCBuildConfiguration;
			buildSettings = {
				ALWAYS_SEARCH_USER_PATHS = NO;
				CLANG_ANALYZER_NONNULL = YES;
				CLANG_ANALYZER_NUMBER_OBJECT_CONVERSION = YES_AGGRESSIVE;
				CLANG_CXX_LANGUAGE_STANDARD = "gnu++20";
				CLANG_ENABLE_MODULES = YES;
				CLANG_ENABLE_OBJC_ARC = YES;
				CLANG_ENABLE_OBJC_WEAK = YES;
				CLANG_WARN_BLOCK_CAPTURE_AUTORELEASING = YES;
				CLANG_WARN_BOOL_CONVERSION = YES;
				CLANG_WARN_COMMA = YES;
				CLANG_WARN_CONSTANT_CONVERSION = YES;
				CLANG_WARN_DEPRECATED_OBJC_IMPLEMENTATIONS = YES;
				CLANG_WARN_DIRECT_OBJC_ISA_USAGE = YES_ERROR;
				CLANG_WARN_DOCUMENTATION_COMMENTS = YES;
				CLANG_WARN_EMPTY_BODY = YES;
				CLANG_WARN_ENUM_CONVERSION = YES;
				CLANG_WARN_INFINITE_RECURSION = YES;
				CLANG_WARN_INT_CONVERSION = YES;
				CLANG_WARN_NON_LITERAL_NULL_CONVERSION = YES;
				CLANG_WARN_OBJC_IMPLICIT_RETAIN_SELF = YES;
				CLANG_WARN_OBJC_LITERAL_CONVERSION = YES;
				CLANG_WARN_OBJC_ROOT_CLASS = YES_ERROR;
				CLANG_WARN_QUOTED_INCLUDE_IN_FRAMEWORK_HEADER = YES;
				CLANG_WARN_RANGE_LOOP_ANALYSIS = YES;
				CLANG_WARN_STRICT_PROTOTYPES = YES;
				CLANG_WARN_SUSPICIOUS_MOVE = YES;
				CLANG_WARN_UNGUARDED_AVAILABILITY = YES_AGGRESSIVE;
				CLANG_WARN_UNREACHABLE_CODE = YES;
				CLANG_WARN__DUPLICATE_METHOD_MATCH = YES;
				COPY_PHASE_STRIP = NO;
				DEAD_CODE_STRIPPING = YES;
				DEBUG_INFORMATION_FORMAT = dwarf;
				ENABLE_STRICT_OBJC_MSGSEND = YES;
				ENABLE_TESTABILITY = YES;
				GCC_C_LANGUAGE_STANDARD = gnu11;
				GCC_DYNAMIC_NO_PIC = NO;
				GCC_NO_COMMON_BLOCKS = YES;
				GCC_OPTIMIZATION_LEVEL = 0;
				GCC_PREPROCESSOR_DEFINITIONS = (
					"DEBUG=1",
					"$(inherited)",
				);
				GCC_WARN_64_TO_32_BIT_CONVERSION = YES;
				GCC_WARN_ABOUT_RETURN_TYPE = YES_ERROR;
				GCC_WARN_UNDECLARED_SELECTOR = YES;
				GCC_WARN_UNINITIALIZED_AUTOS = YES_AGGRESSIVE;
				GCC_WARN_UNUSED_FUNCTION = YES;
				GCC_WARN_UNUSED_VARIABLE = YES;
				MACOSX_DEPLOYMENT_TARGET = 13.0;
				MTL_ENABLE_DEBUG_INFO = INCLUDE_SOURCE;
				MTL_FAST_MATH = YES;
				ONLY_ACTIVE_ARCH = YES;
				SDKROOT = macosx;
				SWIFT_ACTIVE_COMPILATION_CONDITIONS = DEBUG;
				SWIFT_OPTIMIZATION_LEVEL = "-Onone";
			};
			name = Debug;
		};
		D8CD4A9E28AC35C600D57F34 /* Release */ = {
			isa = XCBuildConfiguration;
			buildSettings = {
				ALWAYS_SEARCH_USER_PATHS = NO;
				CLANG_ANALYZER_NONNULL = YES;
				CLANG_ANALYZER_NUMBER_OBJECT_CONVERSION = YES_AGGRESSIVE;
				CLANG_CXX_LANGUAGE_STANDARD = "gnu++20";
				CLANG_ENABLE_MODULES = YES;
				CLANG_ENABLE_OBJC_ARC = YES;
				CLANG_ENABLE_OBJC_WEAK = YES;
				CLANG_WARN_BLOCK_CAPTURE_AUTORELEASING = YES;
				CLANG_WARN_BOOL_CONVERSION = YES;
				CLANG_WARN_COMMA = YES;
				CLANG_WARN_CONSTANT_CONVERSION = YES;
				CLANG_WARN_DEPRECATED_OBJC_IMPLEMENTATIONS = YES;
				CLANG_WARN_DIRECT_OBJC_ISA_USAGE = YES_ERROR;
				CLANG_WARN_DOCUMENTATION_COMMENTS = YES;
				CLANG_WARN_EMPTY_BODY = YES;
				CLANG_WARN_ENUM_CONVERSION = YES;
				CLANG_WARN_INFINITE_RECURSION = YES;
				CLANG_WARN_INT_CONVERSION = YES;
				CLANG_WARN_NON_LITERAL_NULL_CONVERSION = YES;
				CLANG_WARN_OBJC_IMPLICIT_RETAIN_SELF = YES;
				CLANG_WARN_OBJC_LITERAL_CONVERSION = YES;
				CLANG_WARN_OBJC_ROOT_CLASS = YES_ERROR;
				CLANG_WARN_QUOTED_INCLUDE_IN_FRAMEWORK_HEADER = YES;
				CLANG_WARN_RANGE_LOOP_ANALYSIS = YES;
				CLANG_WARN_STRICT_PROTOTYPES = YES;
				CLANG_WARN_SUSPICIOUS_MOVE = YES;
				CLANG_WARN_UNGUARDED_AVAILABILITY = YES_AGGRESSIVE;
				CLANG_WARN_UNREACHABLE_CODE = YES;
				CLANG_WARN__DUPLICATE_METHOD_MATCH = YES;
				COPY_PHASE_STRIP = NO;
				DEAD_CODE_STRIPPING = YES;
				DEBUG_INFORMATION_FORMAT = "dwarf-with-dsym";
				ENABLE_NS_ASSERTIONS = NO;
				ENABLE_STRICT_OBJC_MSGSEND = YES;
				GCC_C_LANGUAGE_STANDARD = gnu11;
				GCC_NO_COMMON_BLOCKS = YES;
				GCC_WARN_64_TO_32_BIT_CONVERSION = YES;
				GCC_WARN_ABOUT_RETURN_TYPE = YES_ERROR;
				GCC_WARN_UNDECLARED_SELECTOR = YES;
				GCC_WARN_UNINITIALIZED_AUTOS = YES_AGGRESSIVE;
				GCC_WARN_UNUSED_FUNCTION = YES;
				GCC_WARN_UNUSED_VARIABLE = YES;
				MACOSX_DEPLOYMENT_TARGET = 13.0;
				MTL_ENABLE_DEBUG_INFO = NO;
				MTL_FAST_MATH = YES;
				SDKROOT = macosx;
				SWIFT_COMPILATION_MODE = wholemodule;
				SWIFT_OPTIMIZATION_LEVEL = "-O";
			};
			name = Release;
		};
		D8CD4AA028AC35C600D57F34 /* Debug */ = {
			isa = XCBuildConfiguration;
			buildSettings = {
				ASSETCATALOG_COMPILER_APPICON_NAME = AppIcon;
				ASSETCATALOG_COMPILER_GLOBAL_ACCENT_COLOR_NAME = AccentColor;
				CODE_SIGN_ENTITLEMENTS = Symbolic/Symbolic.entitlements;
				CODE_SIGN_IDENTITY = "-";
				CODE_SIGN_STYLE = Automatic;
				COMBINE_HIDPI_IMAGES = YES;
				CURRENT_PROJECT_VERSION = 1;
				DEAD_CODE_STRIPPING = YES;
				DEVELOPMENT_ASSET_PATHS = "\"Symbolic/Preview Content\"";
				ENABLE_PREVIEWS = YES;
				GENERATE_INFOPLIST_FILE = YES;
				INFOPLIST_FILE = Symbolic/Info.plist;
				INFOPLIST_KEY_CFBundleDisplayName = Symbolic;
				INFOPLIST_KEY_LSApplicationCategoryType = "public.app-category.graphics-design";
				INFOPLIST_KEY_NSHumanReadableCopyright = "";
				LD_RUNPATH_SEARCH_PATHS = (
					"$(inherited)",
					"@executable_path/../Frameworks",
				);
				MARKETING_VERSION = 1.0;
				PRODUCT_BUNDLE_IDENTIFIER = uk.co.inseven.symbolic;
				PRODUCT_NAME = "$(TARGET_NAME)";
				SWIFT_EMIT_LOC_STRINGS = YES;
				SWIFT_VERSION = 5.0;
			};
			name = Debug;
		};
		D8CD4AA128AC35C600D57F34 /* Release */ = {
			isa = XCBuildConfiguration;
			buildSettings = {
				ASSETCATALOG_COMPILER_APPICON_NAME = AppIcon;
				ASSETCATALOG_COMPILER_GLOBAL_ACCENT_COLOR_NAME = AccentColor;
				CODE_SIGN_ENTITLEMENTS = Symbolic/Symbolic.entitlements;
				CODE_SIGN_IDENTITY = "-";
				"CODE_SIGN_IDENTITY[sdk=macosx*]" = "3rd Party Mac Developer Application";
				CODE_SIGN_STYLE = Manual;
				COMBINE_HIDPI_IMAGES = YES;
				CURRENT_PROJECT_VERSION = 1;
				DEAD_CODE_STRIPPING = YES;
				DEVELOPMENT_ASSET_PATHS = "\"Symbolic/Preview Content\"";
				DEVELOPMENT_TEAM = "";
				"DEVELOPMENT_TEAM[sdk=macosx*]" = S4WXAUZQEV;
				ENABLE_PREVIEWS = YES;
				GENERATE_INFOPLIST_FILE = YES;
				INFOPLIST_FILE = Symbolic/Info.plist;
				INFOPLIST_KEY_CFBundleDisplayName = Symbolic;
				INFOPLIST_KEY_LSApplicationCategoryType = "public.app-category.graphics-design";
				INFOPLIST_KEY_NSHumanReadableCopyright = "";
				LD_RUNPATH_SEARCH_PATHS = (
					"$(inherited)",
					"@executable_path/../Frameworks",
				);
				MARKETING_VERSION = 1.0;
				PRODUCT_BUNDLE_IDENTIFIER = uk.co.inseven.symbolic;
				PRODUCT_NAME = "$(TARGET_NAME)";
				PROVISIONING_PROFILE_SPECIFIER = "";
				"PROVISIONING_PROFILE_SPECIFIER[sdk=macosx*]" = "Symbolic Mac App Store Profile";
				SWIFT_EMIT_LOC_STRINGS = YES;
				SWIFT_VERSION = 5.0;
			};
			name = Release;
		};
		D8CD4AA328AC35C600D57F34 /* Debug */ = {
			isa = XCBuildConfiguration;
			buildSettings = {
				ALWAYS_EMBED_SWIFT_STANDARD_LIBRARIES = YES;
				BUNDLE_LOADER = "$(TEST_HOST)";
				CODE_SIGN_STYLE = Automatic;
				CURRENT_PROJECT_VERSION = 1;
				DEAD_CODE_STRIPPING = YES;
				GENERATE_INFOPLIST_FILE = YES;
				MACOSX_DEPLOYMENT_TARGET = 13.0;
				MARKETING_VERSION = 1.0;
				PRODUCT_BUNDLE_IDENTIFIER = uk.co.inseven.SymbolicTests;
				PRODUCT_NAME = "$(TARGET_NAME)";
				SWIFT_EMIT_LOC_STRINGS = NO;
				SWIFT_VERSION = 5.0;
				TEST_HOST = "$(BUILT_PRODUCTS_DIR)/Symbolic.app/$(BUNDLE_EXECUTABLE_FOLDER_PATH)/Symbolic";
			};
			name = Debug;
		};
		D8CD4AA428AC35C600D57F34 /* Release */ = {
			isa = XCBuildConfiguration;
			buildSettings = {
				ALWAYS_EMBED_SWIFT_STANDARD_LIBRARIES = YES;
				BUNDLE_LOADER = "$(TEST_HOST)";
				CODE_SIGN_STYLE = Automatic;
				CURRENT_PROJECT_VERSION = 1;
				DEAD_CODE_STRIPPING = YES;
				GENERATE_INFOPLIST_FILE = YES;
				MACOSX_DEPLOYMENT_TARGET = 13.0;
				MARKETING_VERSION = 1.0;
				PRODUCT_BUNDLE_IDENTIFIER = uk.co.inseven.SymbolicTests;
				PRODUCT_NAME = "$(TARGET_NAME)";
				SWIFT_EMIT_LOC_STRINGS = NO;
				SWIFT_VERSION = 5.0;
				TEST_HOST = "$(BUILT_PRODUCTS_DIR)/Symbolic.app/$(BUNDLE_EXECUTABLE_FOLDER_PATH)/Symbolic";
			};
			name = Release;
		};
		D8CD4AA628AC35C600D57F34 /* Debug */ = {
			isa = XCBuildConfiguration;
			buildSettings = {
				ALWAYS_EMBED_SWIFT_STANDARD_LIBRARIES = YES;
				CODE_SIGN_STYLE = Automatic;
				CURRENT_PROJECT_VERSION = 1;
				DEAD_CODE_STRIPPING = YES;
				GENERATE_INFOPLIST_FILE = YES;
				MARKETING_VERSION = 1.0;
				PRODUCT_BUNDLE_IDENTIFIER = uk.co.inseven.SymbolicUITests;
				PRODUCT_NAME = "$(TARGET_NAME)";
				SWIFT_EMIT_LOC_STRINGS = NO;
				SWIFT_VERSION = 5.0;
				TEST_TARGET_NAME = Symbolic;
			};
			name = Debug;
		};
		D8CD4AA728AC35C600D57F34 /* Release */ = {
			isa = XCBuildConfiguration;
			buildSettings = {
				ALWAYS_EMBED_SWIFT_STANDARD_LIBRARIES = YES;
				CODE_SIGN_STYLE = Automatic;
				CURRENT_PROJECT_VERSION = 1;
				DEAD_CODE_STRIPPING = YES;
				GENERATE_INFOPLIST_FILE = YES;
				MARKETING_VERSION = 1.0;
				PRODUCT_BUNDLE_IDENTIFIER = uk.co.inseven.SymbolicUITests;
				PRODUCT_NAME = "$(TARGET_NAME)";
				SWIFT_EMIT_LOC_STRINGS = NO;
				SWIFT_VERSION = 5.0;
				TEST_TARGET_NAME = Symbolic;
			};
			name = Release;
		};
/* End XCBuildConfiguration section */

/* Begin XCConfigurationList section */
		D8CD4A7528AC35C300D57F34 /* Build configuration list for PBXProject "Symbolic" */ = {
			isa = XCConfigurationList;
			buildConfigurations = (
				D8CD4A9D28AC35C600D57F34 /* Debug */,
				D8CD4A9E28AC35C600D57F34 /* Release */,
			);
			defaultConfigurationIsVisible = 0;
			defaultConfigurationName = Release;
		};
		D8CD4A9F28AC35C600D57F34 /* Build configuration list for PBXNativeTarget "Symbolic" */ = {
			isa = XCConfigurationList;
			buildConfigurations = (
				D8CD4AA028AC35C600D57F34 /* Debug */,
				D8CD4AA128AC35C600D57F34 /* Release */,
			);
			defaultConfigurationIsVisible = 0;
			defaultConfigurationName = Release;
		};
		D8CD4AA228AC35C600D57F34 /* Build configuration list for PBXNativeTarget "SymbolicTests" */ = {
			isa = XCConfigurationList;
			buildConfigurations = (
				D8CD4AA328AC35C600D57F34 /* Debug */,
				D8CD4AA428AC35C600D57F34 /* Release */,
			);
			defaultConfigurationIsVisible = 0;
			defaultConfigurationName = Release;
		};
		D8CD4AA528AC35C600D57F34 /* Build configuration list for PBXNativeTarget "SymbolicUITests" */ = {
			isa = XCConfigurationList;
			buildConfigurations = (
				D8CD4AA628AC35C600D57F34 /* Debug */,
				D8CD4AA728AC35C600D57F34 /* Release */,
			);
			defaultConfigurationIsVisible = 0;
			defaultConfigurationName = Release;
		};
/* End XCConfigurationList section */

/* Begin XCSwiftPackageProductDependency section */
		D864A2392965A2D1008A4261 /* Interact */ = {
			isa = XCSwiftPackageProductDependency;
			productName = Interact;
		};
		D8F99EC528B13998007C3868 /* Diligence */ = {
			isa = XCSwiftPackageProductDependency;
			productName = Diligence;
		};
/* End XCSwiftPackageProductDependency section */
	};
	rootObject = D8CD4A7228AC35C300D57F34 /* Project object */;
}
